// !$*UTF8*$!
{
	archiveVersion = 1;
	classes = {
	};
	objectVersion = 46;
	objects = {

/* Begin PBXBuildFile section */
		820B52CA1F8FA60F00508F1D /* main.c in Sources */ = {isa = PBXBuildFile; fileRef = 820B52C91F8FA60F00508F1D /* main.c */; };
		8256E47F1F8D13330096C6E8 /* main.c in Sources */ = {isa = PBXBuildFile; fileRef = 8256E47E1F8D13330096C6E8 /* main.c */; };
/* End PBXBuildFile section */

/* Begin PBXCopyFilesBuildPhase section */
		820B52C51F8FA60F00508F1D /* CopyFiles */ = {
			isa = PBXCopyFilesBuildPhase;
			buildActionMask = 2147483647;
			dstPath = /usr/share/man/man1/;
			dstSubfolderSpec = 0;
			files = (
			);
			runOnlyForDeploymentPostprocessing = 1;
		};
		8256E4791F8D13330096C6E8 /* CopyFiles */ = {
			isa = PBXCopyFilesBuildPhase;
			buildActionMask = 2147483647;
			dstPath = /usr/share/man/man1/;
			dstSubfolderSpec = 0;
			files = (
			);
			runOnlyForDeploymentPostprocessing = 1;
		};
/* End PBXCopyFilesBuildPhase section */

/* Begin PBXFileReference section */
		820B52C71F8FA60F00508F1D /* 04-函数的基本使用 */ = {isa = PBXFileReference; explicitFileType = "compiled.mach-o.executable"; includeInIndex = 0; path = "04-函数的基本使用"; sourceTree = BUILT_PRODUCTS_DIR; };
		820B52C91F8FA60F00508F1D /* main.c */ = {isa = PBXFileReference; lastKnownFileType = sourcecode.c.c; path = main.c; sourceTree = "<group>"; };
		8256E47B1F8D13330096C6E8 /* 07-函数 */ = {isa = PBXFileReference; explicitFileType = "compiled.mach-o.executable"; includeInIndex = 0; path = "07-函数"; sourceTree = BUILT_PRODUCTS_DIR; };
		8256E47E1F8D13330096C6E8 /* main.c */ = {isa = PBXFileReference; lastKnownFileType = sourcecode.c.c; path = main.c; sourceTree = "<group>"; };
/* End PBXFileReference section */

/* Begin PBXFrameworksBuildPhase section */
		820B52C41F8FA60F00508F1D /* Frameworks */ = {
			isa = PBXFrameworksBuildPhase;
			buildActionMask = 2147483647;
			files = (
			);
			runOnlyForDeploymentPostprocessing = 0;
		};
		8256E4781F8D13330096C6E8 /* Frameworks */ = {
			isa = PBXFrameworksBuildPhase;
			buildActionMask = 2147483647;
			files = (
			);
			runOnlyForDeploymentPostprocessing = 0;
		};
/* End PBXFrameworksBuildPhase section */

/* Begin PBXGroup section */
		820B52C81F8FA60F00508F1D /* 04-函数的基本使用 */ = {
			isa = PBXGroup;
			children = (
				820B52C91F8FA60F00508F1D /* main.c */,
			);
			path = "04-函数的基本使用";
			sourceTree = "<group>";
		};
		8256E4721F8D13330096C6E8 = {
			isa = PBXGroup;
			children = (
				8256E47D1F8D13330096C6E8 /* 07-函数 */,
				820B52C81F8FA60F00508F1D /* 04-函数的基本使用 */,
				8256E47C1F8D13330096C6E8 /* Products */,
			);
			sourceTree = "<group>";
		};
		8256E47C1F8D13330096C6E8 /* Products */ = {
			isa = PBXGroup;
			children = (
				8256E47B1F8D13330096C6E8 /* 07-函数 */,
				820B52C71F8FA60F00508F1D /* 04-函数的基本使用 */,
			);
			name = Products;
			sourceTree = "<group>";
		};
		8256E47D1F8D13330096C6E8 /* 07-函数 */ = {
			isa = PBXGroup;
			children = (
				8256E47E1F8D13330096C6E8 /* main.c */,
			);
			path = "07-函数";
			sourceTree = "<group>";
		};
/* End PBXGroup section */

/* Begin PBXNativeTarget section */
		820B52C61F8FA60F00508F1D /* 04-函数的基本使用 */ = {
			isa = PBXNativeTarget;
			buildConfigurationList = 820B52CD1F8FA60F00508F1D /* Build configuration list for PBXNativeTarget "04-函数的基本使用" */;
			buildPhases = (
				820B52C31F8FA60F00508F1D /* Sources */,
				820B52C41F8FA60F00508F1D /* Frameworks */,
				820B52C51F8FA60F00508F1D /* CopyFiles */,
			);
			buildRules = (
			);
			dependencies = (
			);
			name = "04-函数的基本使用";
			productName = "04-函数的基本使用";
			productReference = 820B52C71F8FA60F00508F1D /* 04-函数的基本使用 */;
			productType = "com.apple.product-type.tool";
		};
		8256E47A1F8D13330096C6E8 /* 07-函数 */ = {
			isa = PBXNativeTarget;
			buildConfigurationList = 8256E4821F8D13330096C6E8 /* Build configuration list for PBXNativeTarget "07-函数" */;
			buildPhases = (
				8256E4771F8D13330096C6E8 /* Sources */,
				8256E4781F8D13330096C6E8 /* Frameworks */,
				8256E4791F8D13330096C6E8 /* CopyFiles */,
			);
			buildRules = (
			);
			dependencies = (
			);
			name = "07-函数";
			productName = "07-函数";
			productReference = 8256E47B1F8D13330096C6E8 /* 07-函数 */;
			productType = "com.apple.product-type.tool";
		};
/* End PBXNativeTarget section */

/* Begin PBXProject section */
		8256E4731F8D13330096C6E8 /* Project object */ = {
			isa = PBXProject;
			attributes = {
				LastUpgradeCheck = 0720;
				ORGANIZATIONNAME = cody;
				TargetAttributes = {
					820B52C61F8FA60F00508F1D = {
						CreatedOnToolsVersion = 7.2.1;
					};
					8256E47A1F8D13330096C6E8 = {
						CreatedOnToolsVersion = 7.2.1;
					};
				};
			};
			buildConfigurationList = 8256E4761F8D13330096C6E8 /* Build configuration list for PBXProject "07-函数" */;
			compatibilityVersion = "Xcode 3.2";
			developmentRegion = English;
			hasScannedForEncodings = 0;
			knownRegions = (
				en,
			);
			mainGroup = 8256E4721F8D13330096C6E8;
			productRefGroup = 8256E47C1F8D13330096C6E8 /* Products */;
			projectDirPath = "";
			projectRoot = "";
			targets = (
				8256E47A1F8D13330096C6E8 /* 07-函数 */,
				820B52C61F8FA60F00508F1D /* 04-函数的基本使用 */,
			);
		};
/* End PBXProject section */

/* Begin PBXSourcesBuildPhase section */
		820B52C31F8FA60F00508F1D /* Sources */ = {
			isa = PBXSourcesBuildPhase;
			buildActionMask = 2147483647;
			files = (
				820B52CA1F8FA60F00508F1D /* main.c in Sources */,
			);
			runOnlyForDeploymentPostprocessing = 0;
		};
		8256E4771F8D13330096C6E8 /* Sources */ = {
			isa = PBXSourcesBuildPhase;
			buildActionMask = 2147483647;
			files = (
				8256E47F1F8D13330096C6E8 /* main.c in Sources */,
			);
			runOnlyForDeploymentPostprocessing = 0;
		};
/* End PBXSourcesBuildPhase section */

/* Begin XCBuildConfiguration section */
		820B52CB1F8FA60F00508F1D /* Debug */ = {
			isa = XCBuildConfiguration;
			buildSettings = {
				PRODUCT_NAME = "$(TARGET_NAME)";
			};
			name = Debug;
		};
		820B52CC1F8FA60F00508F1D /* Release */ = {
			isa = XCBuildConfiguration;
			buildSettings = {
				PRODUCT_NAME = "$(TARGET_NAME)";
			};
			name = Release;
		};
		8256E4801F8D13330096C6E8 /* Debug */ = {
			isa = XCBuildConfiguration;
			buildSettings = {
				ALWAYS_SEARCH_USER_PATHS = NO;
				CLANG_CXX_LANGUAGE_STANDARD = "gnu++0x";
				CLANG_CXX_LIBRARY = "libc++";
				CLANG_ENABLE_MODULES = YES;
				CLANG_ENABLE_OBJC_ARC = YES;
				CLANG_WARN_BOOL_CONVERSION = YES;
				CLANG_WARN_CONSTANT_CONVERSION = YES;
				CLANG_WARN_DIRECT_OBJC_ISA_USAGE = YES_ERROR;
				CLANG_WARN_EMPTY_BODY = YES;
				CLANG_WARN_ENUM_CONVERSION = YES;
				CLANG_WARN_INT_CONVERSION = YES;
				CLANG_WARN_OBJC_ROOT_CLASS = YES_ERROR;
				CLANG_WARN_UNREACHABLE_CODE = YES;
				CLANG_WARN__DUPLICATE_METHOD_MATCH = YES;
				CODE_SIGN_IDENTITY = "-";
				COPY_PHASE_STRIP = NO;
				DEBUG_INFORMATION_FORMAT = dwarf;
				ENABLE_STRICT_OBJC_MSGSEND = YES;
				ENABLE_TESTABILITY = YES;
				GCC_C_LANGUAGE_STANDARD = gnu99;
				GCC_DYNAMIC_NO_PIC = NO;
				GCC_NO_COMMON_BLOCKS = YES;
				GCC_OPTIMIZATION_LEVEL = 0;
				GCC_PREPROCESSOR_DEFINITIONS = (
					"DEBUG=1",
					"$(inherited)",
				);
				GCC_WARN_64_TO_32_BIT_CONVERSION = YES;
				GCC_WARN_ABOUT_RETURN_TYPE = YES_ERROR;
				GCC_WARN_UNDECLARED_SELECTOR = YES;
				GCC_WARN_UNINITIALIZED_AUTOS = YES_AGGRESSIVE;
				GCC_WARN_UNUSED_FUNCTION = YES;
				GCC_WARN_UNUSED_VARIABLE = YES;
				MACOSX_DEPLOYMENT_TARGET = 10.11;
				MTL_ENABLE_DEBUG_INFO = YES;
				ONLY_ACTIVE_ARCH = YES;
				SDKROOT = macosx;
			};
			name = Debug;
		};
		8256E4811F8D13330096C6E8 /* Release */ = {
			isa = XCBuildConfiguration;
			buildSettings = {
				ALWAYS_SEARCH_USER_PATHS = NO;
				CLANG_CXX_LANGUAGE_STANDARD = "gnu++0x";
				CLANG_CXX_LIBRARY = "libc++";
				CLANG_ENABLE_MODULES = YES;
				CLANG_ENABLE_OBJC_ARC = YES;
				CLANG_WARN_BOOL_CONVERSION = YES;
				CLANG_WARN_CONSTANT_CONVERSION = YES;
				CLANG_WARN_DIRECT_OBJC_ISA_USAGE = YES_ERROR;
				CLANG_WARN_EMPTY_BODY = YES;
				CLANG_WARN_ENUM_CONVERSION = YES;
				CLANG_WARN_INT_CONVERSION = YES;
				CLANG_WARN_OBJC_ROOT_CLASS = YES_ERROR;
				CLANG_WARN_UNREACHABLE_CODE = YES;
				CLANG_WARN__DUPLICATE_METHOD_MATCH = YES;
				CODE_SIGN_IDENTITY = "-";
				COPY_PHASE_STRIP = NO;
				DEBUG_INFORMATION_FORMAT = "dwarf-with-dsym";
				ENABLE_NS_ASSERTIONS = NO;
				ENABLE_STRICT_OBJC_MSGSEND = YES;
				GCC_C_LANGUAGE_STANDARD = gnu99;
				GCC_NO_COMMON_BLOCKS = YES;
				GCC_WARN_64_TO_32_BIT_CONVERSION = YES;
				GCC_WARN_ABOUT_RETURN_TYPE = YES_ERROR;
				GCC_WARN_UNDECLARED_SELECTOR = YES;
				GCC_WARN_UNINITIALIZED_AUTOS = YES_AGGRESSIVE;
				GCC_WARN_UNUSED_FUNCTION = YES;
				GCC_WARN_UNUSED_VARIABLE = YES;
				MACOSX_DEPLOYMENT_TARGET = 10.11;
				MTL_ENABLE_DEBUG_INFO = NO;
				SDKROOT = macosx;
			};
			name = Release;
		};
		8256E4831F8D13330096C6E8 /* Debug */ = {
			isa = XCBuildConfiguration;
			buildSettings = {
				PRODUCT_NAME = "$(TARGET_NAME)";
			};
			name = Debug;
		};
		8256E4841F8D13330096C6E8 /* Release */ = {
			isa = XCBuildConfiguration;
			buildSettings = {
				PRODUCT_NAME = "$(TARGET_NAME)";
			};
			name = Release;
		};
/* End XCBuildConfiguration section */

/* Begin XCConfigurationList section */
		820B52CD1F8FA60F00508F1D /* Build configuration list for PBXNativeTarget "04-函数的基本使用" */ = {
			isa = XCConfigurationList;
			buildConfigurations = (
				820B52CB1F8FA60F00508F1D /* Debug */,
				820B52CC1F8FA60F00508F1D /* Release */,
			);
			defaultConfigurationIsVisible = 0;
		};
		8256E4761F8D13330096C6E8 /* Build configuration list for PBXProject "07-函数" */ = {
			isa = XCConfigurationList;
			buildConfigurations = (
				8256E4801F8D13330096C6E8 /* Debug */,
				8256E4811F8D13330096C6E8 /* Release */,
			);
			defaultConfigurationIsVisible = 0;
			defaultConfigurationName = Release;
		};
		8256E4821F8D13330096C6E8 /* Build configuration list for PBXNativeTarget "07-函数" */ = {
			isa = XCConfigurationList;
			buildConfigurations = (
				8256E4831F8D13330096C6E8 /* Debug */,
				8256E4841F8D13330096C6E8 /* Release */,
			);
			defaultConfigurationIsVisible = 0;
			defaultConfigurationName = Release;
		};
/* End XCConfigurationList section */
	};
	rootObject = 8256E4731F8D13330096C6E8 /* Project object */;
}
