// !$*UTF8*$!
{
	archiveVersion = 1;
	classes = {
	};
	objectVersion = 46;
	objects = {

/* Begin PBXBuildFile section */
		821D11BD1FBC91930093F205 /* main.c in Sources */ = {isa = PBXBuildFile; fileRef = 821D11BC1FBC91930093F205 /* main.c */; };
		8220941C1F9F94CA00004D6B /* main.c in Sources */ = {isa = PBXBuildFile; fileRef = 8220941B1F9F94CA00004D6B /* main.c */; };
		822094291F9F973400004D6B /* main.c in Sources */ = {isa = PBXBuildFile; fileRef = 822094281F9F973400004D6B /* main.c */; };
		8233888C1FB9D418007B7090 /* main.c in Sources */ = {isa = PBXBuildFile; fileRef = 8233888B1FB9D418007B7090 /* main.c */; };
		823388971FB9D9D9007B7090 /* main.c in Sources */ = {isa = PBXBuildFile; fileRef = 823388961FB9D9D9007B7090 /* main.c */; };
		828C46C81FBB4AA500FC450F /* main.c in Sources */ = {isa = PBXBuildFile; fileRef = 828C46C71FBB4AA500FC450F /* main.c */; };
		82CCCC2F1FA0DAA600B7925F /* main.c in Sources */ = {isa = PBXBuildFile; fileRef = 82CCCC2E1FA0DAA600B7925F /* main.c */; };
/* End PBXBuildFile section */

/* Begin PBXCopyFilesBuildPhase section */
		821D11B81FBC91930093F205 /* CopyFiles */ = {
			isa = PBXCopyFilesBuildPhase;
			buildActionMask = 2147483647;
			dstPath = /usr/share/man/man1/;
			dstSubfolderSpec = 0;
			files = (
			);
			runOnlyForDeploymentPostprocessing = 1;
		};
		822094161F9F94CA00004D6B /* CopyFiles */ = {
			isa = PBXCopyFilesBuildPhase;
			buildActionMask = 2147483647;
			dstPath = /usr/share/man/man1/;
			dstSubfolderSpec = 0;
			files = (
			);
			runOnlyForDeploymentPostprocessing = 1;
		};
		822094241F9F973400004D6B /* CopyFiles */ = {
			isa = PBXCopyFilesBuildPhase;
			buildActionMask = 2147483647;
			dstPath = /usr/share/man/man1/;
			dstSubfolderSpec = 0;
			files = (
			);
			runOnlyForDeploymentPostprocessing = 1;
		};
		823388871FB9D418007B7090 /* CopyFiles */ = {
			isa = PBXCopyFilesBuildPhase;
			buildActionMask = 2147483647;
			dstPath = /usr/share/man/man1/;
			dstSubfolderSpec = 0;
			files = (
			);
			runOnlyForDeploymentPostprocessing = 1;
		};
		823388921FB9D9D9007B7090 /* CopyFiles */ = {
			isa = PBXCopyFilesBuildPhase;
			buildActionMask = 2147483647;
			dstPath = /usr/share/man/man1/;
			dstSubfolderSpec = 0;
			files = (
			);
			runOnlyForDeploymentPostprocessing = 1;
		};
		828C46C31FBB4AA500FC450F /* CopyFiles */ = {
			isa = PBXCopyFilesBuildPhase;
			buildActionMask = 2147483647;
			dstPath = /usr/share/man/man1/;
			dstSubfolderSpec = 0;
			files = (
			);
			runOnlyForDeploymentPostprocessing = 1;
		};
		82CCCC2A1FA0DAA600B7925F /* CopyFiles */ = {
			isa = PBXCopyFilesBuildPhase;
			buildActionMask = 2147483647;
			dstPath = /usr/share/man/man1/;
			dstSubfolderSpec = 0;
			files = (
			);
			runOnlyForDeploymentPostprocessing = 1;
		};
/* End PBXCopyFilesBuildPhase section */

/* Begin PBXFileReference section */
		821D11BA1FBC91930093F205 /* 07-数组的其他应用 */ = {isa = PBXFileReference; explicitFileType = "compiled.mach-o.executable"; includeInIndex = 0; path = "07-数组的其他应用"; sourceTree = BUILT_PRODUCTS_DIR; };
		821D11BC1FBC91930093F205 /* main.c */ = {isa = PBXFileReference; lastKnownFileType = sourcecode.c.c; path = main.c; sourceTree = "<group>"; };
		822094181F9F94CA00004D6B /* 09-数组 */ = {isa = PBXFileReference; explicitFileType = "compiled.mach-o.executable"; includeInIndex = 0; path = "09-数组"; sourceTree = BUILT_PRODUCTS_DIR; };
		8220941B1F9F94CA00004D6B /* main.c */ = {isa = PBXFileReference; lastKnownFileType = sourcecode.c.c; path = main.c; sourceTree = "<group>"; };
		822094261F9F973400004D6B /* 04-数组的概述 */ = {isa = PBXFileReference; explicitFileType = "compiled.mach-o.executable"; includeInIndex = 0; path = "04-数组的概述"; sourceTree = BUILT_PRODUCTS_DIR; };
		822094281F9F973400004D6B /* main.c */ = {isa = PBXFileReference; lastKnownFileType = sourcecode.c.c; path = main.c; sourceTree = "<group>"; };
		823388891FB9D418007B7090 /* 04-数组在内存中的存储 */ = {isa = PBXFileReference; explicitFileType = "compiled.mach-o.executable"; includeInIndex = 0; path = "04-数组在内存中的存储"; sourceTree = BUILT_PRODUCTS_DIR; };
		8233888B1FB9D418007B7090 /* main.c */ = {isa = PBXFileReference; lastKnownFileType = sourcecode.c.c; path = main.c; sourceTree = "<group>"; };
		823388941FB9D9D9007B7090 /* 05-数组的应用 */ = {isa = PBXFileReference; explicitFileType = "compiled.mach-o.executable"; includeInIndex = 0; path = "05-数组的应用"; sourceTree = BUILT_PRODUCTS_DIR; };
		823388961FB9D9D9007B7090 /* main.c */ = {isa = PBXFileReference; lastKnownFileType = sourcecode.c.c; path = main.c; sourceTree = "<group>"; };
		828C46C51FBB4AA500FC450F /* 06-数组与函数 */ = {isa = PBXFileReference; explicitFileType = "compiled.mach-o.executable"; includeInIndex = 0; path = "06-数组与函数"; sourceTree = BUILT_PRODUCTS_DIR; };
		828C46C71FBB4AA500FC450F /* main.c */ = {isa = PBXFileReference; lastKnownFileType = sourcecode.c.c; path = main.c; sourceTree = "<group>"; };
		82CCCC2C1FA0DAA600B7925F /* 03-数组的基本使用 */ = {isa = PBXFileReference; explicitFileType = "compiled.mach-o.executable"; includeInIndex = 0; path = "03-数组的基本使用"; sourceTree = BUILT_PRODUCTS_DIR; };
		82CCCC2E1FA0DAA600B7925F /* main.c */ = {isa = PBXFileReference; lastKnownFileType = sourcecode.c.c; path = main.c; sourceTree = "<group>"; };
/* End PBXFileReference section */

/* Begin PBXFrameworksBuildPhase section */
		821D11B71FBC91930093F205 /* Frameworks */ = {
			isa = PBXFrameworksBuildPhase;
			buildActionMask = 2147483647;
			files = (
			);
			runOnlyForDeploymentPostprocessing = 0;
		};
		822094151F9F94CA00004D6B /* Frameworks */ = {
			isa = PBXFrameworksBuildPhase;
			buildActionMask = 2147483647;
			files = (
			);
			runOnlyForDeploymentPostprocessing = 0;
		};
		822094231F9F973400004D6B /* Frameworks */ = {
			isa = PBXFrameworksBuildPhase;
			buildActionMask = 2147483647;
			files = (
			);
			runOnlyForDeploymentPostprocessing = 0;
		};
		823388861FB9D418007B7090 /* Frameworks */ = {
			isa = PBXFrameworksBuildPhase;
			buildActionMask = 2147483647;
			files = (
			);
			runOnlyForDeploymentPostprocessing = 0;
		};
		823388911FB9D9D9007B7090 /* Frameworks */ = {
			isa = PBXFrameworksBuildPhase;
			buildActionMask = 2147483647;
			files = (
			);
			runOnlyForDeploymentPostprocessing = 0;
		};
		828C46C21FBB4AA500FC450F /* Frameworks */ = {
			isa = PBXFrameworksBuildPhase;
			buildActionMask = 2147483647;
			files = (
			);
			runOnlyForDeploymentPostprocessing = 0;
		};
		82CCCC291FA0DAA600B7925F /* Frameworks */ = {
			isa = PBXFrameworksBuildPhase;
			buildActionMask = 2147483647;
			files = (
			);
			runOnlyForDeploymentPostprocessing = 0;
		};
/* End PBXFrameworksBuildPhase section */

/* Begin PBXGroup section */
		821D11BB1FBC91930093F205 /* 07-数组的其他应用 */ = {
			isa = PBXGroup;
			children = (
				821D11BC1FBC91930093F205 /* main.c */,
			);
			path = "07-数组的其他应用";
			sourceTree = "<group>";
		};
		8220940F1F9F94CA00004D6B = {
			isa = PBXGroup;
			children = (
				8220941A1F9F94CA00004D6B /* 09-数组 */,
				822094271F9F973400004D6B /* 04-数组的概述 */,
				82CCCC2D1FA0DAA600B7925F /* 03-数组的基本使用 */,
				8233888A1FB9D418007B7090 /* 04-数组在内存中的存储 */,
				823388951FB9D9D9007B7090 /* 05-数组的应用 */,
				828C46C61FBB4AA500FC450F /* 06-数组与函数 */,
				821D11BB1FBC91930093F205 /* 07-数组的其他应用 */,
				822094191F9F94CA00004D6B /* Products */,
			);
			sourceTree = "<group>";
		};
		822094191F9F94CA00004D6B /* Products */ = {
			isa = PBXGroup;
			children = (
				822094181F9F94CA00004D6B /* 09-数组 */,
				822094261F9F973400004D6B /* 04-数组的概述 */,
				82CCCC2C1FA0DAA600B7925F /* 03-数组的基本使用 */,
				823388891FB9D418007B7090 /* 04-数组在内存中的存储 */,
				823388941FB9D9D9007B7090 /* 05-数组的应用 */,
				828C46C51FBB4AA500FC450F /* 06-数组与函数 */,
				821D11BA1FBC91930093F205 /* 07-数组的其他应用 */,
			);
			name = Products;
			sourceTree = "<group>";
		};
		8220941A1F9F94CA00004D6B /* 09-数组 */ = {
			isa = PBXGroup;
			children = (
				8220941B1F9F94CA00004D6B /* main.c */,
			);
			path = "09-数组";
			sourceTree = "<group>";
		};
		822094271F9F973400004D6B /* 04-数组的概述 */ = {
			isa = PBXGroup;
			children = (
				822094281F9F973400004D6B /* main.c */,
			);
			path = "04-数组的概述";
			sourceTree = "<group>";
		};
		8233888A1FB9D418007B7090 /* 04-数组在内存中的存储 */ = {
			isa = PBXGroup;
			children = (
				8233888B1FB9D418007B7090 /* main.c */,
			);
			path = "04-数组在内存中的存储";
			sourceTree = "<group>";
		};
		823388951FB9D9D9007B7090 /* 05-数组的应用 */ = {
			isa = PBXGroup;
			children = (
				823388961FB9D9D9007B7090 /* main.c */,
			);
			path = "05-数组的应用";
			sourceTree = "<group>";
		};
		828C46C61FBB4AA500FC450F /* 06-数组与函数 */ = {
			isa = PBXGroup;
			children = (
				828C46C71FBB4AA500FC450F /* main.c */,
			);
			path = "06-数组与函数";
			sourceTree = "<group>";
		};
		82CCCC2D1FA0DAA600B7925F /* 03-数组的基本使用 */ = {
			isa = PBXGroup;
			children = (
				82CCCC2E1FA0DAA600B7925F /* main.c */,
			);
			path = "03-数组的基本使用";
			sourceTree = "<group>";
		};
/* End PBXGroup section */

/* Begin PBXNativeTarget section */
		821D11B91FBC91930093F205 /* 07-数组的其他应用 */ = {
			isa = PBXNativeTarget;
			buildConfigurationList = 821D11C01FBC91930093F205 /* Build configuration list for PBXNativeTarget "07-数组的其他应用" */;
			buildPhases = (
				821D11B61FBC91930093F205 /* Sources */,
				821D11B71FBC91930093F205 /* Frameworks */,
				821D11B81FBC91930093F205 /* CopyFiles */,
			);
			buildRules = (
			);
			dependencies = (
			);
			name = "07-数组的其他应用";
			productName = "07-数组的其他应用";
			productReference = 821D11BA1FBC91930093F205 /* 07-数组的其他应用 */;
			productType = "com.apple.product-type.tool";
		};
		822094171F9F94CA00004D6B /* 09-数组 */ = {
			isa = PBXNativeTarget;
			buildConfigurationList = 8220941F1F9F94CA00004D6B /* Build configuration list for PBXNativeTarget "09-数组" */;
			buildPhases = (
				822094141F9F94CA00004D6B /* Sources */,
				822094151F9F94CA00004D6B /* Frameworks */,
				822094161F9F94CA00004D6B /* CopyFiles */,
			);
			buildRules = (
			);
			dependencies = (
			);
			name = "09-数组";
			productName = "09-数组";
			productReference = 822094181F9F94CA00004D6B /* 09-数组 */;
			productType = "com.apple.product-type.tool";
		};
		822094251F9F973400004D6B /* 04-数组的概述 */ = {
			isa = PBXNativeTarget;
			buildConfigurationList = 8220942A1F9F973400004D6B /* Build configuration list for PBXNativeTarget "04-数组的概述" */;
			buildPhases = (
				822094221F9F973400004D6B /* Sources */,
				822094231F9F973400004D6B /* Frameworks */,
				822094241F9F973400004D6B /* CopyFiles */,
			);
			buildRules = (
			);
			dependencies = (
			);
			name = "04-数组的概述";
			productName = "04-数组的概述";
			productReference = 822094261F9F973400004D6B /* 04-数组的概述 */;
			productType = "com.apple.product-type.tool";
		};
		823388881FB9D418007B7090 /* 04-数组在内存中的存储 */ = {
			isa = PBXNativeTarget;
			buildConfigurationList = 8233888F1FB9D418007B7090 /* Build configuration list for PBXNativeTarget "04-数组在内存中的存储" */;
			buildPhases = (
				823388851FB9D418007B7090 /* Sources */,
				823388861FB9D418007B7090 /* Frameworks */,
				823388871FB9D418007B7090 /* CopyFiles */,
			);
			buildRules = (
			);
			dependencies = (
			);
			name = "04-数组在内存中的存储";
			productName = "04-数组在内存中的存储";
			productReference = 823388891FB9D418007B7090 /* 04-数组在内存中的存储 */;
			productType = "com.apple.product-type.tool";
		};
		823388931FB9D9D9007B7090 /* 05-数组的应用 */ = {
			isa = PBXNativeTarget;
			buildConfigurationList = 823388981FB9D9DA007B7090 /* Build configuration list for PBXNativeTarget "05-数组的应用" */;
			buildPhases = (
				823388901FB9D9D9007B7090 /* Sources */,
				823388911FB9D9D9007B7090 /* Frameworks */,
				823388921FB9D9D9007B7090 /* CopyFiles */,
			);
			buildRules = (
			);
			dependencies = (
			);
			name = "05-数组的应用";
			productName = "05-数组的应用";
			productReference = 823388941FB9D9D9007B7090 /* 05-数组的应用 */;
			productType = "com.apple.product-type.tool";
		};
		828C46C41FBB4AA500FC450F /* 06-数组与函数 */ = {
			isa = PBXNativeTarget;
			buildConfigurationList = 828C46CB1FBB4AA500FC450F /* Build configuration list for PBXNativeTarget "06-数组与函数" */;
			buildPhases = (
				828C46C11FBB4AA500FC450F /* Sources */,
				828C46C21FBB4AA500FC450F /* Frameworks */,
				828C46C31FBB4AA500FC450F /* CopyFiles */,
			);
			buildRules = (
			);
			dependencies = (
			);
			name = "06-数组与函数";
			productName = "06-数组与函数";
			productReference = 828C46C51FBB4AA500FC450F /* 06-数组与函数 */;
			productType = "com.apple.product-type.tool";
		};
		82CCCC2B1FA0DAA600B7925F /* 03-数组的基本使用 */ = {
			isa = PBXNativeTarget;
			buildConfigurationList = 82CCCC321FA0DAA600B7925F /* Build configuration list for PBXNativeTarget "03-数组的基本使用" */;
			buildPhases = (
				82CCCC281FA0DAA600B7925F /* Sources */,
				82CCCC291FA0DAA600B7925F /* Frameworks */,
				82CCCC2A1FA0DAA600B7925F /* CopyFiles */,
			);
			buildRules = (
			);
			dependencies = (
			);
			name = "03-数组的基本使用";
			productName = "03-数组的基本使用";
			productReference = 82CCCC2C1FA0DAA600B7925F /* 03-数组的基本使用 */;
			productType = "com.apple.product-type.tool";
		};
/* End PBXNativeTarget section */

/* Begin PBXProject section */
		822094101F9F94CA00004D6B /* Project object */ = {
			isa = PBXProject;
			attributes = {
				LastUpgradeCheck = 0720;
				ORGANIZATIONNAME = cody;
				TargetAttributes = {
					821D11B91FBC91930093F205 = {
						CreatedOnToolsVersion = 7.2.1;
					};
					822094171F9F94CA00004D6B = {
						CreatedOnToolsVersion = 7.2.1;
					};
					822094251F9F973400004D6B = {
						CreatedOnToolsVersion = 7.2.1;
					};
					823388881FB9D418007B7090 = {
						CreatedOnToolsVersion = 7.2.1;
					};
					823388931FB9D9D9007B7090 = {
						CreatedOnToolsVersion = 7.2.1;
					};
					828C46C41FBB4AA500FC450F = {
						CreatedOnToolsVersion = 7.2.1;
					};
					82CCCC2B1FA0DAA600B7925F = {
						CreatedOnToolsVersion = 7.2.1;
					};
				};
			};
			buildConfigurationList = 822094131F9F94CA00004D6B /* Build configuration list for PBXProject "09-数组" */;
			compatibilityVersion = "Xcode 3.2";
			developmentRegion = English;
			hasScannedForEncodings = 0;
			knownRegions = (
				en,
			);
			mainGroup = 8220940F1F9F94CA00004D6B;
			productRefGroup = 822094191F9F94CA00004D6B /* Products */;
			projectDirPath = "";
			projectRoot = "";
			targets = (
				822094171F9F94CA00004D6B /* 09-数组 */,
				822094251F9F973400004D6B /* 04-数组的概述 */,
				82CCCC2B1FA0DAA600B7925F /* 03-数组的基本使用 */,
				823388881FB9D418007B7090 /* 04-数组在内存中的存储 */,
				823388931FB9D9D9007B7090 /* 05-数组的应用 */,
				828C46C41FBB4AA500FC450F /* 06-数组与函数 */,
				821D11B91FBC91930093F205 /* 07-数组的其他应用 */,
			);
		};
/* End PBXProject section */

/* Begin PBXSourcesBuildPhase section */
		821D11B61FBC91930093F205 /* Sources */ = {
			isa = PBXSourcesBuildPhase;
			buildActionMask = 2147483647;
			files = (
				821D11BD1FBC91930093F205 /* main.c in Sources */,
			);
			runOnlyForDeploymentPostprocessing = 0;
		};
		822094141F9F94CA00004D6B /* Sources */ = {
			isa = PBXSourcesBuildPhase;
			buildActionMask = 2147483647;
			files = (
				8220941C1F9F94CA00004D6B /* main.c in Sources */,
			);
			runOnlyForDeploymentPostprocessing = 0;
		};
		822094221F9F973400004D6B /* Sources */ = {
			isa = PBXSourcesBuildPhase;
			buildActionMask = 2147483647;
			files = (
				822094291F9F973400004D6B /* main.c in Sources */,
			);
			runOnlyForDeploymentPostprocessing = 0;
		};
		823388851FB9D418007B7090 /* Sources */ = {
			isa = PBXSourcesBuildPhase;
			buildActionMask = 2147483647;
			files = (
				8233888C1FB9D418007B7090 /* main.c in Sources */,
			);
			runOnlyForDeploymentPostprocessing = 0;
		};
		823388901FB9D9D9007B7090 /* Sources */ = {
			isa = PBXSourcesBuildPhase;
			buildActionMask = 2147483647;
			files = (
				823388971FB9D9D9007B7090 /* main.c in Sources */,
			);
			runOnlyForDeploymentPostprocessing = 0;
		};
		828C46C11FBB4AA500FC450F /* Sources */ = {
			isa = PBXSourcesBuildPhase;
			buildActionMask = 2147483647;
			files = (
				828C46C81FBB4AA500FC450F /* main.c in Sources */,
			);
			runOnlyForDeploymentPostprocessing = 0;
		};
		82CCCC281FA0DAA600B7925F /* Sources */ = {
			isa = PBXSourcesBuildPhase;
			buildActionMask = 2147483647;
			files = (
				82CCCC2F1FA0DAA600B7925F /* main.c in Sources */,
			);
			runOnlyForDeploymentPostprocessing = 0;
		};
/* End PBXSourcesBuildPhase section */

/* Begin XCBuildConfiguration section */
		821D11BE1FBC91930093F205 /* Debug */ = {
			isa = XCBuildConfiguration;
			buildSettings = {
				PRODUCT_NAME = "$(TARGET_NAME)";
			};
			name = Debug;
		};
		821D11BF1FBC91930093F205 /* Release */ = {
			isa = XCBuildConfiguration;
			buildSettings = {
				PRODUCT_NAME = "$(TARGET_NAME)";
			};
			name = Release;
		};
		8220941D1F9F94CA00004D6B /* Debug */ = {
			isa = XCBuildConfiguration;
			buildSettings = {
				ALWAYS_SEARCH_USER_PATHS = NO;
				CLANG_CXX_LANGUAGE_STANDARD = "gnu++0x";
				CLANG_CXX_LIBRARY = "libc++";
				CLANG_ENABLE_MODULES = YES;
				CLANG_ENABLE_OBJC_ARC = YES;
				CLANG_WARN_BOOL_CONVERSION = YES;
				CLANG_WARN_CONSTANT_CONVERSION = YES;
				CLANG_WARN_DIRECT_OBJC_ISA_USAGE = YES_ERROR;
				CLANG_WARN_EMPTY_BODY = YES;
				CLANG_WARN_ENUM_CONVERSION = YES;
				CLANG_WARN_INT_CONVERSION = YES;
				CLANG_WARN_OBJC_ROOT_CLASS = YES_ERROR;
				CLANG_WARN_UNREACHABLE_CODE = YES;
				CLANG_WARN__DUPLICATE_METHOD_MATCH = YES;
				CODE_SIGN_IDENTITY = "-";
				COPY_PHASE_STRIP = NO;
				DEBUG_INFORMATION_FORMAT = dwarf;
				ENABLE_STRICT_OBJC_MSGSEND = YES;
				ENABLE_TESTABILITY = YES;
				GCC_C_LANGUAGE_STANDARD = gnu99;
				GCC_DYNAMIC_NO_PIC = NO;
				GCC_NO_COMMON_BLOCKS = YES;
				GCC_OPTIMIZATION_LEVEL = 0;
				GCC_PREPROCESSOR_DEFINITIONS = (
					"DEBUG=1",
					"$(inherited)",
				);
				GCC_WARN_64_TO_32_BIT_CONVERSION = YES;
				GCC_WARN_ABOUT_RETURN_TYPE = YES_ERROR;
				GCC_WARN_UNDECLARED_SELECTOR = YES;
				GCC_WARN_UNINITIALIZED_AUTOS = YES_AGGRESSIVE;
				GCC_WARN_UNUSED_FUNCTION = YES;
				GCC_WARN_UNUSED_VARIABLE = YES;
				MACOSX_DEPLOYMENT_TARGET = 10.11;
				MTL_ENABLE_DEBUG_INFO = YES;
				ONLY_ACTIVE_ARCH = YES;
				SDKROOT = macosx;
			};
			name = Debug;
		};
		8220941E1F9F94CA00004D6B /* Release */ = {
			isa = XCBuildConfiguration;
			buildSettings = {
				ALWAYS_SEARCH_USER_PATHS = NO;
				CLANG_CXX_LANGUAGE_STANDARD = "gnu++0x";
				CLANG_CXX_LIBRARY = "libc++";
				CLANG_ENABLE_MODULES = YES;
				CLANG_ENABLE_OBJC_ARC = YES;
				CLANG_WARN_BOOL_CONVERSION = YES;
				CLANG_WARN_CONSTANT_CONVERSION = YES;
				CLANG_WARN_DIRECT_OBJC_ISA_USAGE = YES_ERROR;
				CLANG_WARN_EMPTY_BODY = YES;
				CLANG_WARN_ENUM_CONVERSION = YES;
				CLANG_WARN_INT_CONVERSION = YES;
				CLANG_WARN_OBJC_ROOT_CLASS = YES_ERROR;
				CLANG_WARN_UNREACHABLE_CODE = YES;
				CLANG_WARN__DUPLICATE_METHOD_MATCH = YES;
				CODE_SIGN_IDENTITY = "-";
				COPY_PHASE_STRIP = NO;
				DEBUG_INFORMATION_FORMAT = "dwarf-with-dsym";
				ENABLE_NS_ASSERTIONS = NO;
				ENABLE_STRICT_OBJC_MSGSEND = YES;
				GCC_C_LANGUAGE_STANDARD = gnu99;
				GCC_NO_COMMON_BLOCKS = YES;
				GCC_WARN_64_TO_32_BIT_CONVERSION = YES;
				GCC_WARN_ABOUT_RETURN_TYPE = YES_ERROR;
				GCC_WARN_UNDECLARED_SELECTOR = YES;
				GCC_WARN_UNINITIALIZED_AUTOS = YES_AGGRESSIVE;
				GCC_WARN_UNUSED_FUNCTION = YES;
				GCC_WARN_UNUSED_VARIABLE = YES;
				MACOSX_DEPLOYMENT_TARGET = 10.11;
				MTL_ENABLE_DEBUG_INFO = NO;
				SDKROOT = macosx;
			};
			name = Release;
		};
		822094201F9F94CA00004D6B /* Debug */ = {
			isa = XCBuildConfiguration;
			buildSettings = {
				PRODUCT_NAME = "$(TARGET_NAME)";
			};
			name = Debug;
		};
		822094211F9F94CA00004D6B /* Release */ = {
			isa = XCBuildConfiguration;
			buildSettings = {
				PRODUCT_NAME = "$(TARGET_NAME)";
			};
			name = Release;
		};
		8220942B1F9F973400004D6B /* Debug */ = {
			isa = XCBuildConfiguration;
			buildSettings = {
				PRODUCT_NAME = "$(TARGET_NAME)";
			};
			name = Debug;
		};
		8220942C1F9F973400004D6B /* Release */ = {
			isa = XCBuildConfiguration;
			buildSettings = {
				PRODUCT_NAME = "$(TARGET_NAME)";
			};
			name = Release;
		};
		8233888D1FB9D418007B7090 /* Debug */ = {
			isa = XCBuildConfiguration;
			buildSettings = {
				PRODUCT_NAME = "$(TARGET_NAME)";
			};
			name = Debug;
		};
		8233888E1FB9D418007B7090 /* Release */ = {
			isa = XCBuildConfiguration;
			buildSettings = {
				PRODUCT_NAME = "$(TARGET_NAME)";
			};
			name = Release;
		};
		823388991FB9D9DA007B7090 /* Debug */ = {
			isa = XCBuildConfiguration;
			buildSettings = {
				PRODUCT_NAME = "$(TARGET_NAME)";
			};
			name = Debug;
		};
		8233889A1FB9D9DA007B7090 /* Release */ = {
			isa = XCBuildConfiguration;
			buildSettings = {
				PRODUCT_NAME = "$(TARGET_NAME)";
			};
			name = Release;
		};
		828C46C91FBB4AA500FC450F /* Debug */ = {
			isa = XCBuildConfiguration;
			buildSettings = {
				PRODUCT_NAME = "$(TARGET_NAME)";
			};
			name = Debug;
		};
		828C46CA1FBB4AA500FC450F /* Release */ = {
			isa = XCBuildConfiguration;
			buildSettings = {
				PRODUCT_NAME = "$(TARGET_NAME)";
			};
			name = Release;
		};
		82CCCC301FA0DAA600B7925F /* Debug */ = {
			isa = XCBuildConfiguration;
			buildSettings = {
				PRODUCT_NAME = "$(TARGET_NAME)";
			};
			name = Debug;
		};
		82CCCC311FA0DAA600B7925F /* Release */ = {
			isa = XCBuildConfiguration;
			buildSettings = {
				PRODUCT_NAME = "$(TARGET_NAME)";
			};
			name = Release;
		};
/* End XCBuildConfiguration section */

/* Begin XCConfigurationList section */
		821D11C01FBC91930093F205 /* Build configuration list for PBXNativeTarget "07-数组的其他应用" */ = {
			isa = XCConfigurationList;
			buildConfigurations = (
				821D11BE1FBC91930093F205 /* Debug */,
				821D11BF1FBC91930093F205 /* Release */,
			);
			defaultConfigurationIsVisible = 0;
		};
		822094131F9F94CA00004D6B /* Build configuration list for PBXProject "09-数组" */ = {
			isa = XCConfigurationList;
			buildConfigurations = (
				8220941D1F9F94CA00004D6B /* Debug */,
				8220941E1F9F94CA00004D6B /* Release */,
			);
			defaultConfigurationIsVisible = 0;
			defaultConfigurationName = Release;
		};
		8220941F1F9F94CA00004D6B /* Build configuration list for PBXNativeTarget "09-数组" */ = {
			isa = XCConfigurationList;
			buildConfigurations = (
				822094201F9F94CA00004D6B /* Debug */,
				822094211F9F94CA00004D6B /* Release */,
			);
			defaultConfigurationIsVisible = 0;
			defaultConfigurationName = Release;
		};
		8220942A1F9F973400004D6B /* Build configuration list for PBXNativeTarget "04-数组的概述" */ = {
			isa = XCConfigurationList;
			buildConfigurations = (
				8220942B1F9F973400004D6B /* Debug */,
				8220942C1F9F973400004D6B /* Release */,
			);
			defaultConfigurationIsVisible = 0;
			defaultConfigurationName = Release;
		};
		8233888F1FB9D418007B7090 /* Build configuration list for PBXNativeTarget "04-数组在内存中的存储" */ = {
			isa = XCConfigurationList;
			buildConfigurations = (
				8233888D1FB9D418007B7090 /* Debug */,
				8233888E1FB9D418007B7090 /* Release */,
			);
			defaultConfigurationIsVisible = 0;
			defaultConfigurationName = Release;
		};
		823388981FB9D9DA007B7090 /* Build configuration list for PBXNativeTarget "05-数组的应用" */ = {
			isa = XCConfigurationList;
			buildConfigurations = (
				823388991FB9D9DA007B7090 /* Debug */,
				8233889A1FB9D9DA007B7090 /* Release */,
			);
			defaultConfigurationIsVisible = 0;
			defaultConfigurationName = Release;
		};
		828C46CB1FBB4AA500FC450F /* Build configuration list for PBXNativeTarget "06-数组与函数" */ = {
			isa = XCConfigurationList;
			buildConfigurations = (
				828C46C91FBB4AA500FC450F /* Debug */,
				828C46CA1FBB4AA500FC450F /* Release */,
			);
			defaultConfigurationIsVisible = 0;
			defaultConfigurationName = Release;
		};
		82CCCC321FA0DAA600B7925F /* Build configuration list for PBXNativeTarget "03-数组的基本使用" */ = {
			isa = XCConfigurationList;
			buildConfigurations = (
				82CCCC301FA0DAA600B7925F /* Debug */,
				82CCCC311FA0DAA600B7925F /* Release */,
			);
			defaultConfigurationIsVisible = 0;
			defaultConfigurationName = Release;
		};
/* End XCConfigurationList section */
	};
	rootObject = 822094101F9F94CA00004D6B /* Project object */;
}
