// !$*UTF8*$!
{
	archiveVersion = 1;
	classes = {
	};
	objectVersion = 46;
	objects = {

/* Begin PBXBuildFile section */
		82F35ED92001FEFA004DAEDD /* main.c in Sources */ = {isa = PBXBuildFile; fileRef = 82F35ED82001FEFA004DAEDD /* main.c */; };
		82F35EE62001FFB2004DAEDD /* main.c in Sources */ = {isa = PBXBuildFile; fileRef = 82F35EE52001FFB2004DAEDD /* main.c */; };
		82F35EF1200208AA004DAEDD /* main.c in Sources */ = {isa = PBXBuildFile; fileRef = 82F35EF0200208AA004DAEDD /* main.c */; };
/* End PBXBuildFile section */

/* Begin PBXCopyFilesBuildPhase section */
		82F35ED32001FEFA004DAEDD /* CopyFiles */ = {
			isa = PBXCopyFilesBuildPhase;
			buildActionMask = 2147483647;
			dstPath = /usr/share/man/man1/;
			dstSubfolderSpec = 0;
			files = (
			);
			runOnlyForDeploymentPostprocessing = 1;
		};
		82F35EE12001FFB2004DAEDD /* CopyFiles */ = {
			isa = PBXCopyFilesBuildPhase;
			buildActionMask = 2147483647;
			dstPath = /usr/share/man/man1/;
			dstSubfolderSpec = 0;
			files = (
			);
			runOnlyForDeploymentPostprocessing = 1;
		};
		82F35EEC200208AA004DAEDD /* CopyFiles */ = {
			isa = PBXCopyFilesBuildPhase;
			buildActionMask = 2147483647;
			dstPath = /usr/share/man/man1/;
			dstSubfolderSpec = 0;
			files = (
			);
			runOnlyForDeploymentPostprocessing = 1;
		};
/* End PBXCopyFilesBuildPhase section */

/* Begin PBXFileReference section */
		82F35ED52001FEFA004DAEDD /* C14-预处理指令 */ = {isa = PBXFileReference; explicitFileType = "compiled.mach-o.executable"; includeInIndex = 0; path = "C14-预处理指令"; sourceTree = BUILT_PRODUCTS_DIR; };
		82F35ED82001FEFA004DAEDD /* main.c */ = {isa = PBXFileReference; lastKnownFileType = sourcecode.c.c; path = main.c; sourceTree = "<group>"; };
		82F35EE32001FFB2004DAEDD /* 01-预处理指令概述 */ = {isa = PBXFileReference; explicitFileType = "compiled.mach-o.executable"; includeInIndex = 0; path = "01-预处理指令概述"; sourceTree = BUILT_PRODUCTS_DIR; };
		82F35EE52001FFB2004DAEDD /* main.c */ = {isa = PBXFileReference; lastKnownFileType = sourcecode.c.c; path = main.c; sourceTree = "<group>"; };
		82F35EEE200208AA004DAEDD /* 02-宏定义 */ = {isa = PBXFileReference; explicitFileType = "compiled.mach-o.executable"; includeInIndex = 0; path = "02-宏定义"; sourceTree = BUILT_PRODUCTS_DIR; };
		82F35EF0200208AA004DAEDD /* main.c */ = {isa = PBXFileReference; lastKnownFileType = sourcecode.c.c; path = main.c; sourceTree = "<group>"; };
/* End PBXFileReference section */

/* Begin PBXFrameworksBuildPhase section */
		82F35ED22001FEFA004DAEDD /* Frameworks */ = {
			isa = PBXFrameworksBuildPhase;
			buildActionMask = 2147483647;
			files = (
			);
			runOnlyForDeploymentPostprocessing = 0;
		};
		82F35EE02001FFB2004DAEDD /* Frameworks */ = {
			isa = PBXFrameworksBuildPhase;
			buildActionMask = 2147483647;
			files = (
			);
			runOnlyForDeploymentPostprocessing = 0;
		};
		82F35EEB200208AA004DAEDD /* Frameworks */ = {
			isa = PBXFrameworksBuildPhase;
			buildActionMask = 2147483647;
			files = (
			);
			runOnlyForDeploymentPostprocessing = 0;
		};
/* End PBXFrameworksBuildPhase section */

/* Begin PBXGroup section */
		82F35ECC2001FEFA004DAEDD = {
			isa = PBXGroup;
			children = (
				82F35ED72001FEFA004DAEDD /* C14-预处理指令 */,
				82F35EE42001FFB2004DAEDD /* 01-预处理指令概述 */,
				82F35EEF200208AA004DAEDD /* 02-宏定义 */,
				82F35ED62001FEFA004DAEDD /* Products */,
			);
			sourceTree = "<group>";
		};
		82F35ED62001FEFA004DAEDD /* Products */ = {
			isa = PBXGroup;
			children = (
				82F35ED52001FEFA004DAEDD /* C14-预处理指令 */,
				82F35EE32001FFB2004DAEDD /* 01-预处理指令概述 */,
				82F35EEE200208AA004DAEDD /* 02-宏定义 */,
			);
			name = Products;
			sourceTree = "<group>";
		};
		82F35ED72001FEFA004DAEDD /* C14-预处理指令 */ = {
			isa = PBXGroup;
			children = (
				82F35ED82001FEFA004DAEDD /* main.c */,
			);
			path = "C14-预处理指令";
			sourceTree = "<group>";
		};
		82F35EE42001FFB2004DAEDD /* 01-预处理指令概述 */ = {
			isa = PBXGroup;
			children = (
				82F35EE52001FFB2004DAEDD /* main.c */,
			);
			path = "01-预处理指令概述";
			sourceTree = "<group>";
		};
		82F35EEF200208AA004DAEDD /* 02-宏定义 */ = {
			isa = PBXGroup;
			children = (
				82F35EF0200208AA004DAEDD /* main.c */,
			);
			path = "02-宏定义";
			sourceTree = "<group>";
		};
/* End PBXGroup section */

/* Begin PBXNativeTarget section */
		82F35ED42001FEFA004DAEDD /* C14-预处理指令 */ = {
			isa = PBXNativeTarget;
			buildConfigurationList = 82F35EDC2001FEFA004DAEDD /* Build configuration list for PBXNativeTarget "C14-预处理指令" */;
			buildPhases = (
				82F35ED12001FEFA004DAEDD /* Sources */,
				82F35ED22001FEFA004DAEDD /* Frameworks */,
				82F35ED32001FEFA004DAEDD /* CopyFiles */,
			);
			buildRules = (
			);
			dependencies = (
			);
			name = "C14-预处理指令";
			productName = "C14-预处理指令";
			productReference = 82F35ED52001FEFA004DAEDD /* C14-预处理指令 */;
			productType = "com.apple.product-type.tool";
		};
		82F35EE22001FFB2004DAEDD /* 01-预处理指令概述 */ = {
			isa = PBXNativeTarget;
			buildConfigurationList = 82F35EE72001FFB2004DAEDD /* Build configuration list for PBXNativeTarget "01-预处理指令概述" */;
			buildPhases = (
				82F35EDF2001FFB2004DAEDD /* Sources */,
				82F35EE02001FFB2004DAEDD /* Frameworks */,
				82F35EE12001FFB2004DAEDD /* CopyFiles */,
			);
			buildRules = (
			);
			dependencies = (
			);
			name = "01-预处理指令概述";
			productName = "01-预处理指令概述";
			productReference = 82F35EE32001FFB2004DAEDD /* 01-预处理指令概述 */;
			productType = "com.apple.product-type.tool";
		};
		82F35EED200208AA004DAEDD /* 02-宏定义 */ = {
			isa = PBXNativeTarget;
			buildConfigurationList = 82F35EF4200208AA004DAEDD /* Build configuration list for PBXNativeTarget "02-宏定义" */;
			buildPhases = (
				82F35EEA200208AA004DAEDD /* Sources */,
				82F35EEB200208AA004DAEDD /* Frameworks */,
				82F35EEC200208AA004DAEDD /* CopyFiles */,
			);
			buildRules = (
			);
			dependencies = (
			);
			name = "02-宏定义";
			productName = "02-宏定义";
			productReference = 82F35EEE200208AA004DAEDD /* 02-宏定义 */;
			productType = "com.apple.product-type.tool";
		};
/* End PBXNativeTarget section */

/* Begin PBXProject section */
		82F35ECD2001FEFA004DAEDD /* Project object */ = {
			isa = PBXProject;
			attributes = {
				LastUpgradeCheck = 0720;
				ORGANIZATIONNAME = cody;
				TargetAttributes = {
					82F35ED42001FEFA004DAEDD = {
						CreatedOnToolsVersion = 7.2.1;
					};
					82F35EE22001FFB2004DAEDD = {
						CreatedOnToolsVersion = 7.2.1;
					};
					82F35EED200208AA004DAEDD = {
						CreatedOnToolsVersion = 7.2.1;
					};
				};
			};
			buildConfigurationList = 82F35ED02001FEFA004DAEDD /* Build configuration list for PBXProject "C14-预处理指令" */;
			compatibilityVersion = "Xcode 3.2";
			developmentRegion = English;
			hasScannedForEncodings = 0;
			knownRegions = (
				en,
			);
			mainGroup = 82F35ECC2001FEFA004DAEDD;
			productRefGroup = 82F35ED62001FEFA004DAEDD /* Products */;
			projectDirPath = "";
			projectRoot = "";
			targets = (
				82F35ED42001FEFA004DAEDD /* C14-预处理指令 */,
				82F35EE22001FFB2004DAEDD /* 01-预处理指令概述 */,
				82F35EED200208AA004DAEDD /* 02-宏定义 */,
			);
		};
/* End PBXProject section */

/* Begin PBXSourcesBuildPhase section */
		82F35ED12001FEFA004DAEDD /* Sources */ = {
			isa = PBXSourcesBuildPhase;
			buildActionMask = 2147483647;
			files = (
				82F35ED92001FEFA004DAEDD /* main.c in Sources */,
			);
			runOnlyForDeploymentPostprocessing = 0;
		};
		82F35EDF2001FFB2004DAEDD /* Sources */ = {
			isa = PBXSourcesBuildPhase;
			buildActionMask = 2147483647;
			files = (
				82F35EE62001FFB2004DAEDD /* main.c in Sources */,
			);
			runOnlyForDeploymentPostprocessing = 0;
		};
		82F35EEA200208AA004DAEDD /* Sources */ = {
			isa = PBXSourcesBuildPhase;
			buildActionMask = 2147483647;
			files = (
				82F35EF1200208AA004DAEDD /* main.c in Sources */,
			);
			runOnlyForDeploymentPostprocessing = 0;
		};
/* End PBXSourcesBuildPhase section */

/* Begin XCBuildConfiguration section */
		82F35EDA2001FEFA004DAEDD /* Debug */ = {
			isa = XCBuildConfiguration;
			buildSettings = {
				ALWAYS_SEARCH_USER_PATHS = NO;
				CLANG_CXX_LANGUAGE_STANDARD = "gnu++0x";
				CLANG_CXX_LIBRARY = "libc++";
				CLANG_ENABLE_MODULES = YES;
				CLANG_ENABLE_OBJC_ARC = YES;
				CLANG_WARN_BOOL_CONVERSION = YES;
				CLANG_WARN_CONSTANT_CONVERSION = YES;
				CLANG_WARN_DIRECT_OBJC_ISA_USAGE = YES_ERROR;
				CLANG_WARN_EMPTY_BODY = YES;
				CLANG_WARN_ENUM_CONVERSION = YES;
				CLANG_WARN_INT_CONVERSION = YES;
				CLANG_WARN_OBJC_ROOT_CLASS = YES_ERROR;
				CLANG_WARN_UNREACHABLE_CODE = YES;
				CLANG_WARN__DUPLICATE_METHOD_MATCH = YES;
				CODE_SIGN_IDENTITY = "-";
				COPY_PHASE_STRIP = NO;
				DEBUG_INFORMATION_FORMAT = dwarf;
				ENABLE_STRICT_OBJC_MSGSEND = YES;
				ENABLE_TESTABILITY = YES;
				GCC_C_LANGUAGE_STANDARD = gnu99;
				GCC_DYNAMIC_NO_PIC = NO;
				GCC_NO_COMMON_BLOCKS = YES;
				GCC_OPTIMIZATION_LEVEL = 0;
				GCC_PREPROCESSOR_DEFINITIONS = (
					"DEBUG=1",
					"$(inherited)",
				);
				GCC_WARN_64_TO_32_BIT_CONVERSION = YES;
				GCC_WARN_ABOUT_RETURN_TYPE = YES_ERROR;
				GCC_WARN_UNDECLARED_SELECTOR = YES;
				GCC_WARN_UNINITIALIZED_AUTOS = YES_AGGRESSIVE;
				GCC_WARN_UNUSED_FUNCTION = YES;
				GCC_WARN_UNUSED_VARIABLE = YES;
				MACOSX_DEPLOYMENT_TARGET = 10.11;
				MTL_ENABLE_DEBUG_INFO = YES;
				ONLY_ACTIVE_ARCH = YES;
				SDKROOT = macosx;
			};
			name = Debug;
		};
		82F35EDB2001FEFA004DAEDD /* Release */ = {
			isa = XCBuildConfiguration;
			buildSettings = {
				ALWAYS_SEARCH_USER_PATHS = NO;
				CLANG_CXX_LANGUAGE_STANDARD = "gnu++0x";
				CLANG_CXX_LIBRARY = "libc++";
				CLANG_ENABLE_MODULES = YES;
				CLANG_ENABLE_OBJC_ARC = YES;
				CLANG_WARN_BOOL_CONVERSION = YES;
				CLANG_WARN_CONSTANT_CONVERSION = YES;
				CLANG_WARN_DIRECT_OBJC_ISA_USAGE = YES_ERROR;
				CLANG_WARN_EMPTY_BODY = YES;
				CLANG_WARN_ENUM_CONVERSION = YES;
				CLANG_WARN_INT_CONVERSION = YES;
				CLANG_WARN_OBJC_ROOT_CLASS = YES_ERROR;
				CLANG_WARN_UNREACHABLE_CODE = YES;
				CLANG_WARN__DUPLICATE_METHOD_MATCH = YES;
				CODE_SIGN_IDENTITY = "-";
				COPY_PHASE_STRIP = NO;
				DEBUG_INFORMATION_FORMAT = "dwarf-with-dsym";
				ENABLE_NS_ASSERTIONS = NO;
				ENABLE_STRICT_OBJC_MSGSEND = YES;
				GCC_C_LANGUAGE_STANDARD = gnu99;
				GCC_NO_COMMON_BLOCKS = YES;
				GCC_WARN_64_TO_32_BIT_CONVERSION = YES;
				GCC_WARN_ABOUT_RETURN_TYPE = YES_ERROR;
				GCC_WARN_UNDECLARED_SELECTOR = YES;
				GCC_WARN_UNINITIALIZED_AUTOS = YES_AGGRESSIVE;
				GCC_WARN_UNUSED_FUNCTION = YES;
				GCC_WARN_UNUSED_VARIABLE = YES;
				MACOSX_DEPLOYMENT_TARGET = 10.11;
				MTL_ENABLE_DEBUG_INFO = NO;
				SDKROOT = macosx;
			};
			name = Release;
		};
		82F35EDD2001FEFA004DAEDD /* Debug */ = {
			isa = XCBuildConfiguration;
			buildSettings = {
				PRODUCT_NAME = "$(TARGET_NAME)";
			};
			name = Debug;
		};
		82F35EDE2001FEFA004DAEDD /* Release */ = {
			isa = XCBuildConfiguration;
			buildSettings = {
				PRODUCT_NAME = "$(TARGET_NAME)";
			};
			name = Release;
		};
		82F35EE82001FFB2004DAEDD /* Debug */ = {
			isa = XCBuildConfiguration;
			buildSettings = {
				PRODUCT_NAME = "$(TARGET_NAME)";
			};
			name = Debug;
		};
		82F35EE92001FFB2004DAEDD /* Release */ = {
			isa = XCBuildConfiguration;
			buildSettings = {
				PRODUCT_NAME = "$(TARGET_NAME)";
			};
			name = Release;
		};
		82F35EF2200208AA004DAEDD /* Debug */ = {
			isa = XCBuildConfiguration;
			buildSettings = {
				PRODUCT_NAME = "$(TARGET_NAME)";
			};
			name = Debug;
		};
		82F35EF3200208AA004DAEDD /* Release */ = {
			isa = XCBuildConfiguration;
			buildSettings = {
				PRODUCT_NAME = "$(TARGET_NAME)";
			};
			name = Release;
		};
/* End XCBuildConfiguration section */

/* Begin XCConfigurationList section */
		82F35ED02001FEFA004DAEDD /* Build configuration list for PBXProject "C14-预处理指令" */ = {
			isa = XCConfigurationList;
			buildConfigurations = (
				82F35EDA2001FEFA004DAEDD /* Debug */,
				82F35EDB2001FEFA004DAEDD /* Release */,
			);
			defaultConfigurationIsVisible = 0;
			defaultConfigurationName = Release;
		};
		82F35EDC2001FEFA004DAEDD /* Build configuration list for PBXNativeTarget "C14-预处理指令" */ = {
			isa = XCConfigurationList;
			buildConfigurations = (
				82F35EDD2001FEFA004DAEDD /* Debug */,
				82F35EDE2001FEFA004DAEDD /* Release */,
			);
			defaultConfigurationIsVisible = 0;
			defaultConfigurationName = Release;
		};
		82F35EE72001FFB2004DAEDD /* Build configuration list for PBXNativeTarget "01-预处理指令概述" */ = {
			isa = XCConfigurationList;
			buildConfigurations = (
				82F35EE82001FFB2004DAEDD /* Debug */,
				82F35EE92001FFB2004DAEDD /* Release */,
			);
			defaultConfigurationIsVisible = 0;
			defaultConfigurationName = Release;
		};
		82F35EF4200208AA004DAEDD /* Build configuration list for PBXNativeTarget "02-宏定义" */ = {
			isa = XCConfigurationList;
			buildConfigurations = (
				82F35EF2200208AA004DAEDD /* Debug */,
				82F35EF3200208AA004DAEDD /* Release */,
			);
			defaultConfigurationIsVisible = 0;
		};
/* End XCConfigurationList section */
	};
	rootObject = 82F35ECD2001FEFA004DAEDD /* Project object */;
}
