// !$*UTF8*$!
{
	archiveVersion = 1;
	classes = {
	};
	objectVersion = 46;
	objects = {

/* Begin PBXBuildFile section */
		8230B7021F4742820059D06F /* main.c in Sources */ = {isa = PBXBuildFile; fileRef = 8230B7011F4742820059D06F /* main.c */; };
		8230B70F1F4747E30059D06F /* main.c in Sources */ = {isa = PBXBuildFile; fileRef = 8230B70E1F4747E30059D06F /* main.c */; };
/* End PBXBuildFile section */

/* Begin PBXCopyFilesBuildPhase section */
		8230B6FC1F4742820059D06F /* CopyFiles */ = {
			isa = PBXCopyFilesBuildPhase;
			buildActionMask = 2147483647;
			dstPath = /usr/share/man/man1/;
			dstSubfolderSpec = 0;
			files = (
			);
			runOnlyForDeploymentPostprocessing = 1;
		};
		8230B70A1F4747E30059D06F /* CopyFiles */ = {
			isa = PBXCopyFilesBuildPhase;
			buildActionMask = 2147483647;
			dstPath = /usr/share/man/man1/;
			dstSubfolderSpec = 0;
			files = (
			);
			runOnlyForDeploymentPostprocessing = 1;
		};
/* End PBXCopyFilesBuildPhase section */

/* Begin PBXFileReference section */
		8230B6FE1F4742820059D06F /* 02FirstPro */ = {isa = PBXFileReference; explicitFileType = "compiled.mach-o.executable"; includeInIndex = 0; path = 02FirstPro; sourceTree = BUILT_PRODUCTS_DIR; };
		8230B7011F4742820059D06F /* main.c */ = {isa = PBXFileReference; lastKnownFileType = sourcecode.c.c; path = main.c; sourceTree = "<group>"; };
		8230B70C1F4747E30059D06F /* 03FirstPro */ = {isa = PBXFileReference; explicitFileType = "compiled.mach-o.executable"; includeInIndex = 0; path = 03FirstPro; sourceTree = BUILT_PRODUCTS_DIR; };
		8230B70E1F4747E30059D06F /* main.c */ = {isa = PBXFileReference; lastKnownFileType = sourcecode.c.c; path = main.c; sourceTree = "<group>"; };
/* End PBXFileReference section */

/* Begin PBXFrameworksBuildPhase section */
		8230B6FB1F4742820059D06F /* Frameworks */ = {
			isa = PBXFrameworksBuildPhase;
			buildActionMask = 2147483647;
			files = (
			);
			runOnlyForDeploymentPostprocessing = 0;
		};
		8230B7091F4747E30059D06F /* Frameworks */ = {
			isa = PBXFrameworksBuildPhase;
			buildActionMask = 2147483647;
			files = (
			);
			runOnlyForDeploymentPostprocessing = 0;
		};
/* End PBXFrameworksBuildPhase section */

/* Begin PBXGroup section */
		8230B6F51F4742820059D06F = {
			isa = PBXGroup;
			children = (
				8230B7001F4742820059D06F /* 02FirstPro */,
				8230B70D1F4747E30059D06F /* 03FirstPro */,
				8230B6FF1F4742820059D06F /* Products */,
			);
			sourceTree = "<group>";
		};
		8230B6FF1F4742820059D06F /* Products */ = {
			isa = PBXGroup;
			children = (
				8230B6FE1F4742820059D06F /* 02FirstPro */,
				8230B70C1F4747E30059D06F /* 03FirstPro */,
			);
			name = Products;
			sourceTree = "<group>";
		};
		8230B7001F4742820059D06F /* 02FirstPro */ = {
			isa = PBXGroup;
			children = (
				8230B7011F4742820059D06F /* main.c */,
			);
			path = 02FirstPro;
			sourceTree = "<group>";
		};
		8230B70D1F4747E30059D06F /* 03FirstPro */ = {
			isa = PBXGroup;
			children = (
				8230B70E1F4747E30059D06F /* main.c */,
			);
			path = 03FirstPro;
			sourceTree = "<group>";
		};
/* End PBXGroup section */

/* Begin PBXNativeTarget section */
		8230B6FD1F4742820059D06F /* 02FirstPro */ = {
			isa = PBXNativeTarget;
			buildConfigurationList = 8230B7051F4742820059D06F /* Build configuration list for PBXNativeTarget "02FirstPro" */;
			buildPhases = (
				8230B6FA1F4742820059D06F /* Sources */,
				8230B6FB1F4742820059D06F /* Frameworks */,
				8230B6FC1F4742820059D06F /* CopyFiles */,
			);
			buildRules = (
			);
			dependencies = (
			);
			name = 02FirstPro;
			productName = 02FirstPro;
			productReference = 8230B6FE1F4742820059D06F /* 02FirstPro */;
			productType = "com.apple.product-type.tool";
		};
		8230B70B1F4747E30059D06F /* 03FirstPro */ = {
			isa = PBXNativeTarget;
			buildConfigurationList = 8230B7101F4747E30059D06F /* Build configuration list for PBXNativeTarget "03FirstPro" */;
			buildPhases = (
				8230B7081F4747E30059D06F /* Sources */,
				8230B7091F4747E30059D06F /* Frameworks */,
				8230B70A1F4747E30059D06F /* CopyFiles */,
			);
			buildRules = (
			);
			dependencies = (
			);
			name = 03FirstPro;
			productName = 03FirstPro;
			productReference = 8230B70C1F4747E30059D06F /* 03FirstPro */;
			productType = "com.apple.product-type.tool";
		};
/* End PBXNativeTarget section */

/* Begin PBXProject section */
		8230B6F61F4742820059D06F /* Project object */ = {
			isa = PBXProject;
			attributes = {
				LastUpgradeCheck = 0720;
				ORGANIZATIONNAME = cody;
				TargetAttributes = {
					8230B6FD1F4742820059D06F = {
						CreatedOnToolsVersion = 7.2.1;
					};
					8230B70B1F4747E30059D06F = {
						CreatedOnToolsVersion = 7.2.1;
					};
				};
			};
			buildConfigurationList = 8230B6F91F4742820059D06F /* Build configuration list for PBXProject "02FirstPro" */;
			compatibilityVersion = "Xcode 3.2";
			developmentRegion = English;
			hasScannedForEncodings = 0;
			knownRegions = (
				en,
			);
			mainGroup = 8230B6F51F4742820059D06F;
			productRefGroup = 8230B6FF1F4742820059D06F /* Products */;
			projectDirPath = "";
			projectRoot = "";
			targets = (
				8230B6FD1F4742820059D06F /* 02FirstPro */,
				8230B70B1F4747E30059D06F /* 03FirstPro */,
			);
		};
/* End PBXProject section */

/* Begin PBXSourcesBuildPhase section */
		8230B6FA1F4742820059D06F /* Sources */ = {
			isa = PBXSourcesBuildPhase;
			buildActionMask = 2147483647;
			files = (
				8230B7021F4742820059D06F /* main.c in Sources */,
			);
			runOnlyForDeploymentPostprocessing = 0;
		};
		8230B7081F4747E30059D06F /* Sources */ = {
			isa = PBXSourcesBuildPhase;
			buildActionMask = 2147483647;
			files = (
				8230B70F1F4747E30059D06F /* main.c in Sources */,
			);
			runOnlyForDeploymentPostprocessing = 0;
		};
/* End PBXSourcesBuildPhase section */

/* Begin XCBuildConfiguration section */
		8230B7031F4742820059D06F /* Debug */ = {
			isa = XCBuildConfiguration;
			buildSettings = {
				ALWAYS_SEARCH_USER_PATHS = NO;
				CLANG_CXX_LANGUAGE_STANDARD = "gnu++0x";
				CLANG_CXX_LIBRARY = "libc++";
				CLANG_ENABLE_MODULES = YES;
				CLANG_ENABLE_OBJC_ARC = YES;
				CLANG_WARN_BOOL_CONVERSION = YES;
				CLANG_WARN_CONSTANT_CONVERSION = YES;
				CLANG_WARN_DIRECT_OBJC_ISA_USAGE = YES_ERROR;
				CLANG_WARN_EMPTY_BODY = YES;
				CLANG_WARN_ENUM_CONVERSION = YES;
				CLANG_WARN_INT_CONVERSION = YES;
				CLANG_WARN_OBJC_ROOT_CLASS = YES_ERROR;
				CLANG_WARN_UNREACHABLE_CODE = YES;
				CLANG_WARN__DUPLICATE_METHOD_MATCH = YES;
				CODE_SIGN_IDENTITY = "-";
				COPY_PHASE_STRIP = NO;
				DEBUG_INFORMATION_FORMAT = dwarf;
				ENABLE_STRICT_OBJC_MSGSEND = YES;
				ENABLE_TESTABILITY = YES;
				GCC_C_LANGUAGE_STANDARD = gnu99;
				GCC_DYNAMIC_NO_PIC = NO;
				GCC_NO_COMMON_BLOCKS = YES;
				GCC_OPTIMIZATION_LEVEL = 0;
				GCC_PREPROCESSOR_DEFINITIONS = (
					"DEBUG=1",
					"$(inherited)",
				);
				GCC_WARN_64_TO_32_BIT_CONVERSION = YES;
				GCC_WARN_ABOUT_RETURN_TYPE = YES_ERROR;
				GCC_WARN_UNDECLARED_SELECTOR = YES;
				GCC_WARN_UNINITIALIZED_AUTOS = YES_AGGRESSIVE;
				GCC_WARN_UNUSED_FUNCTION = YES;
				GCC_WARN_UNUSED_VARIABLE = YES;
				MACOSX_DEPLOYMENT_TARGET = 10.11;
				MTL_ENABLE_DEBUG_INFO = YES;
				ONLY_ACTIVE_ARCH = YES;
				SDKROOT = macosx;
			};
			name = Debug;
		};
		8230B7041F4742820059D06F /* Release */ = {
			isa = XCBuildConfiguration;
			buildSettings = {
				ALWAYS_SEARCH_USER_PATHS = NO;
				CLANG_CXX_LANGUAGE_STANDARD = "gnu++0x";
				CLANG_CXX_LIBRARY = "libc++";
				CLANG_ENABLE_MODULES = YES;
				CLANG_ENABLE_OBJC_ARC = YES;
				CLANG_WARN_BOOL_CONVERSION = YES;
				CLANG_WARN_CONSTANT_CONVERSION = YES;
				CLANG_WARN_DIRECT_OBJC_ISA_USAGE = YES_ERROR;
				CLANG_WARN_EMPTY_BODY = YES;
				CLANG_WARN_ENUM_CONVERSION = YES;
				CLANG_WARN_INT_CONVERSION = YES;
				CLANG_WARN_OBJC_ROOT_CLASS = YES_ERROR;
				CLANG_WARN_UNREACHABLE_CODE = YES;
				CLANG_WARN__DUPLICATE_METHOD_MATCH = YES;
				CODE_SIGN_IDENTITY = "-";
				COPY_PHASE_STRIP = NO;
				DEBUG_INFORMATION_FORMAT = "dwarf-with-dsym";
				ENABLE_NS_ASSERTIONS = NO;
				ENABLE_STRICT_OBJC_MSGSEND = YES;
				GCC_C_LANGUAGE_STANDARD = gnu99;
				GCC_NO_COMMON_BLOCKS = YES;
				GCC_WARN_64_TO_32_BIT_CONVERSION = YES;
				GCC_WARN_ABOUT_RETURN_TYPE = YES_ERROR;
				GCC_WARN_UNDECLARED_SELECTOR = YES;
				GCC_WARN_UNINITIALIZED_AUTOS = YES_AGGRESSIVE;
				GCC_WARN_UNUSED_FUNCTION = YES;
				GCC_WARN_UNUSED_VARIABLE = YES;
				MACOSX_DEPLOYMENT_TARGET = 10.11;
				MTL_ENABLE_DEBUG_INFO = NO;
				SDKROOT = macosx;
			};
			name = Release;
		};
		8230B7061F4742820059D06F /* Debug */ = {
			isa = XCBuildConfiguration;
			buildSettings = {
				PRODUCT_NAME = "$(TARGET_NAME)";
			};
			name = Debug;
		};
		8230B7071F4742820059D06F /* Release */ = {
			isa = XCBuildConfiguration;
			buildSettings = {
				PRODUCT_NAME = "$(TARGET_NAME)";
			};
			name = Release;
		};
		8230B7111F4747E30059D06F /* Debug */ = {
			isa = XCBuildConfiguration;
			buildSettings = {
				PRODUCT_NAME = "$(TARGET_NAME)";
			};
			name = Debug;
		};
		8230B7121F4747E30059D06F /* Release */ = {
			isa = XCBuildConfiguration;
			buildSettings = {
				PRODUCT_NAME = "$(TARGET_NAME)";
			};
			name = Release;
		};
/* End XCBuildConfiguration section */

/* Begin XCConfigurationList section */
		8230B6F91F4742820059D06F /* Build configuration list for PBXProject "02FirstPro" */ = {
			isa = XCConfigurationList;
			buildConfigurations = (
				8230B7031F4742820059D06F /* Debug */,
				8230B7041F4742820059D06F /* Release */,
			);
			defaultConfigurationIsVisible = 0;
			defaultConfigurationName = Release;
		};
		8230B7051F4742820059D06F /* Build configuration list for PBXNativeTarget "02FirstPro" */ = {
			isa = XCConfigurationList;
			buildConfigurations = (
				8230B7061F4742820059D06F /* Debug */,
				8230B7071F4742820059D06F /* Release */,
			);
			defaultConfigurationIsVisible = 0;
		};
		8230B7101F4747E30059D06F /* Build configuration list for PBXNativeTarget "03FirstPro" */ = {
			isa = XCConfigurationList;
			buildConfigurations = (
				8230B7111F4747E30059D06F /* Debug */,
				8230B7121F4747E30059D06F /* Release */,
			);
			defaultConfigurationIsVisible = 0;
		};
/* End XCConfigurationList section */
	};
	rootObject = 8230B6F61F4742820059D06F /* Project object */;
}
