// !$*UTF8*$!
{
	archiveVersion = 1;
	classes = {
	};
	objectVersion = 46;
	objects = {

/* Begin PBXBuildFile section */
		82DE331C1FE18CEF00BAB97B /* main.c in Sources */ = {isa = PBXBuildFile; fileRef = 82DE331B1FE18CEF00BAB97B /* main.c */; };
		82DE33291FE1915F00BAB97B /* main.c in Sources */ = {isa = PBXBuildFile; fileRef = 82DE33281FE1915F00BAB97B /* main.c */; };
		82FFCC231FE2CF730043C120 /* main.c in Sources */ = {isa = PBXBuildFile; fileRef = 82FFCC221FE2CF730043C120 /* main.c */; };
/* End PBXBuildFile section */

/* Begin PBXCopyFilesBuildPhase section */
		82DE33161FE18CEF00BAB97B /* CopyFiles */ = {
			isa = PBXCopyFilesBuildPhase;
			buildActionMask = 2147483647;
			dstPath = /usr/share/man/man1/;
			dstSubfolderSpec = 0;
			files = (
			);
			runOnlyForDeploymentPostprocessing = 1;
		};
		82DE33241FE1915F00BAB97B /* CopyFiles */ = {
			isa = PBXCopyFilesBuildPhase;
			buildActionMask = 2147483647;
			dstPath = /usr/share/man/man1/;
			dstSubfolderSpec = 0;
			files = (
			);
			runOnlyForDeploymentPostprocessing = 1;
		};
		82FFCC1E1FE2CF730043C120 /* CopyFiles */ = {
			isa = PBXCopyFilesBuildPhase;
			buildActionMask = 2147483647;
			dstPath = /usr/share/man/man1/;
			dstSubfolderSpec = 0;
			files = (
			);
			runOnlyForDeploymentPostprocessing = 1;
		};
/* End PBXCopyFilesBuildPhase section */

/* Begin PBXFileReference section */
		82DE33181FE18CEF00BAB97B /* 11-指针 */ = {isa = PBXFileReference; explicitFileType = "compiled.mach-o.executable"; includeInIndex = 0; path = "11-指针"; sourceTree = BUILT_PRODUCTS_DIR; };
		82DE331B1FE18CEF00BAB97B /* main.c */ = {isa = PBXFileReference; lastKnownFileType = sourcecode.c.c; path = main.c; sourceTree = "<group>"; };
		82DE33261FE1915F00BAB97B /* 01-指针的使用 */ = {isa = PBXFileReference; explicitFileType = "compiled.mach-o.executable"; includeInIndex = 0; path = "01-指针的使用"; sourceTree = BUILT_PRODUCTS_DIR; };
		82DE33281FE1915F00BAB97B /* main.c */ = {isa = PBXFileReference; lastKnownFileType = sourcecode.c.c; path = main.c; sourceTree = "<group>"; };
		82FFCC201FE2CF730043C120 /* 02-指针的应用 */ = {isa = PBXFileReference; explicitFileType = "compiled.mach-o.executable"; includeInIndex = 0; path = "02-指针的应用"; sourceTree = BUILT_PRODUCTS_DIR; };
		82FFCC221FE2CF730043C120 /* main.c */ = {isa = PBXFileReference; lastKnownFileType = sourcecode.c.c; path = main.c; sourceTree = "<group>"; };
/* End PBXFileReference section */

/* Begin PBXFrameworksBuildPhase section */
		82DE33151FE18CEF00BAB97B /* Frameworks */ = {
			isa = PBXFrameworksBuildPhase;
			buildActionMask = 2147483647;
			files = (
			);
			runOnlyForDeploymentPostprocessing = 0;
		};
		82DE33231FE1915F00BAB97B /* Frameworks */ = {
			isa = PBXFrameworksBuildPhase;
			buildActionMask = 2147483647;
			files = (
			);
			runOnlyForDeploymentPostprocessing = 0;
		};
		82FFCC1D1FE2CF730043C120 /* Frameworks */ = {
			isa = PBXFrameworksBuildPhase;
			buildActionMask = 2147483647;
			files = (
			);
			runOnlyForDeploymentPostprocessing = 0;
		};
/* End PBXFrameworksBuildPhase section */

/* Begin PBXGroup section */
		82DE330F1FE18CEF00BAB97B = {
			isa = PBXGroup;
			children = (
				82DE331A1FE18CEF00BAB97B /* 11-指针 */,
				82DE33271FE1915F00BAB97B /* 01-指针的使用 */,
				82FFCC211FE2CF730043C120 /* 02-指针的应用 */,
				82DE33191FE18CEF00BAB97B /* Products */,
			);
			sourceTree = "<group>";
		};
		82DE33191FE18CEF00BAB97B /* Products */ = {
			isa = PBXGroup;
			children = (
				82DE33181FE18CEF00BAB97B /* 11-指针 */,
				82DE33261FE1915F00BAB97B /* 01-指针的使用 */,
				82FFCC201FE2CF730043C120 /* 02-指针的应用 */,
			);
			name = Products;
			sourceTree = "<group>";
		};
		82DE331A1FE18CEF00BAB97B /* 11-指针 */ = {
			isa = PBXGroup;
			children = (
				82DE331B1FE18CEF00BAB97B /* main.c */,
			);
			path = "11-指针";
			sourceTree = "<group>";
		};
		82DE33271FE1915F00BAB97B /* 01-指针的使用 */ = {
			isa = PBXGroup;
			children = (
				82DE33281FE1915F00BAB97B /* main.c */,
			);
			path = "01-指针的使用";
			sourceTree = "<group>";
		};
		82FFCC211FE2CF730043C120 /* 02-指针的应用 */ = {
			isa = PBXGroup;
			children = (
				82FFCC221FE2CF730043C120 /* main.c */,
			);
			path = "02-指针的应用";
			sourceTree = "<group>";
		};
/* End PBXGroup section */

/* Begin PBXNativeTarget section */
		82DE33171FE18CEF00BAB97B /* 11-指针 */ = {
			isa = PBXNativeTarget;
			buildConfigurationList = 82DE331F1FE18CEF00BAB97B /* Build configuration list for PBXNativeTarget "11-指针" */;
			buildPhases = (
				82DE33141FE18CEF00BAB97B /* Sources */,
				82DE33151FE18CEF00BAB97B /* Frameworks */,
				82DE33161FE18CEF00BAB97B /* CopyFiles */,
			);
			buildRules = (
			);
			dependencies = (
			);
			name = "11-指针";
			productName = "11-指针";
			productReference = 82DE33181FE18CEF00BAB97B /* 11-指针 */;
			productType = "com.apple.product-type.tool";
		};
		82DE33251FE1915F00BAB97B /* 01-指针的使用 */ = {
			isa = PBXNativeTarget;
			buildConfigurationList = 82DE332A1FE1915F00BAB97B /* Build configuration list for PBXNativeTarget "01-指针的使用" */;
			buildPhases = (
				82DE33221FE1915F00BAB97B /* Sources */,
				82DE33231FE1915F00BAB97B /* Frameworks */,
				82DE33241FE1915F00BAB97B /* CopyFiles */,
			);
			buildRules = (
			);
			dependencies = (
			);
			name = "01-指针的使用";
			productName = "01-指针的使用";
			productReference = 82DE33261FE1915F00BAB97B /* 01-指针的使用 */;
			productType = "com.apple.product-type.tool";
		};
		82FFCC1F1FE2CF730043C120 /* 02-指针的应用 */ = {
			isa = PBXNativeTarget;
			buildConfigurationList = 82FFCC261FE2CF730043C120 /* Build configuration list for PBXNativeTarget "02-指针的应用" */;
			buildPhases = (
				82FFCC1C1FE2CF730043C120 /* Sources */,
				82FFCC1D1FE2CF730043C120 /* Frameworks */,
				82FFCC1E1FE2CF730043C120 /* CopyFiles */,
			);
			buildRules = (
			);
			dependencies = (
			);
			name = "02-指针的应用";
			productName = "02-指针的应用";
			productReference = 82FFCC201FE2CF730043C120 /* 02-指针的应用 */;
			productType = "com.apple.product-type.tool";
		};
/* End PBXNativeTarget section */

/* Begin PBXProject section */
		82DE33101FE18CEF00BAB97B /* Project object */ = {
			isa = PBXProject;
			attributes = {
				LastUpgradeCheck = 0720;
				ORGANIZATIONNAME = cody;
				TargetAttributes = {
					82DE33171FE18CEF00BAB97B = {
						CreatedOnToolsVersion = 7.2.1;
					};
					82DE33251FE1915F00BAB97B = {
						CreatedOnToolsVersion = 7.2.1;
					};
					82FFCC1F1FE2CF730043C120 = {
						CreatedOnToolsVersion = 7.2.1;
					};
				};
			};
			buildConfigurationList = 82DE33131FE18CEF00BAB97B /* Build configuration list for PBXProject "11-指针" */;
			compatibilityVersion = "Xcode 3.2";
			developmentRegion = English;
			hasScannedForEncodings = 0;
			knownRegions = (
				en,
			);
			mainGroup = 82DE330F1FE18CEF00BAB97B;
			productRefGroup = 82DE33191FE18CEF00BAB97B /* Products */;
			projectDirPath = "";
			projectRoot = "";
			targets = (
				82DE33171FE18CEF00BAB97B /* 11-指针 */,
				82DE33251FE1915F00BAB97B /* 01-指针的使用 */,
				82FFCC1F1FE2CF730043C120 /* 02-指针的应用 */,
			);
		};
/* End PBXProject section */

/* Begin PBXSourcesBuildPhase section */
		82DE33141FE18CEF00BAB97B /* Sources */ = {
			isa = PBXSourcesBuildPhase;
			buildActionMask = 2147483647;
			files = (
				82DE331C1FE18CEF00BAB97B /* main.c in Sources */,
			);
			runOnlyForDeploymentPostprocessing = 0;
		};
		82DE33221FE1915F00BAB97B /* Sources */ = {
			isa = PBXSourcesBuildPhase;
			buildActionMask = 2147483647;
			files = (
				82DE33291FE1915F00BAB97B /* main.c in Sources */,
			);
			runOnlyForDeploymentPostprocessing = 0;
		};
		82FFCC1C1FE2CF730043C120 /* Sources */ = {
			isa = PBXSourcesBuildPhase;
			buildActionMask = 2147483647;
			files = (
				82FFCC231FE2CF730043C120 /* main.c in Sources */,
			);
			runOnlyForDeploymentPostprocessing = 0;
		};
/* End PBXSourcesBuildPhase section */

/* Begin XCBuildConfiguration section */
		82DE331D1FE18CEF00BAB97B /* Debug */ = {
			isa = XCBuildConfiguration;
			buildSettings = {
				ALWAYS_SEARCH_USER_PATHS = NO;
				CLANG_CXX_LANGUAGE_STANDARD = "gnu++0x";
				CLANG_CXX_LIBRARY = "libc++";
				CLANG_ENABLE_MODULES = YES;
				CLANG_ENABLE_OBJC_ARC = YES;
				CLANG_WARN_BOOL_CONVERSION = YES;
				CLANG_WARN_CONSTANT_CONVERSION = YES;
				CLANG_WARN_DIRECT_OBJC_ISA_USAGE = YES_ERROR;
				CLANG_WARN_EMPTY_BODY = YES;
				CLANG_WARN_ENUM_CONVERSION = YES;
				CLANG_WARN_INT_CONVERSION = YES;
				CLANG_WARN_OBJC_ROOT_CLASS = YES_ERROR;
				CLANG_WARN_UNREACHABLE_CODE = YES;
				CLANG_WARN__DUPLICATE_METHOD_MATCH = YES;
				CODE_SIGN_IDENTITY = "-";
				COPY_PHASE_STRIP = NO;
				DEBUG_INFORMATION_FORMAT = dwarf;
				ENABLE_STRICT_OBJC_MSGSEND = YES;
				ENABLE_TESTABILITY = YES;
				GCC_C_LANGUAGE_STANDARD = gnu99;
				GCC_DYNAMIC_NO_PIC = NO;
				GCC_NO_COMMON_BLOCKS = YES;
				GCC_OPTIMIZATION_LEVEL = 0;
				GCC_PREPROCESSOR_DEFINITIONS = (
					"DEBUG=1",
					"$(inherited)",
				);
				GCC_WARN_64_TO_32_BIT_CONVERSION = YES;
				GCC_WARN_ABOUT_RETURN_TYPE = YES_ERROR;
				GCC_WARN_UNDECLARED_SELECTOR = YES;
				GCC_WARN_UNINITIALIZED_AUTOS = YES_AGGRESSIVE;
				GCC_WARN_UNUSED_FUNCTION = YES;
				GCC_WARN_UNUSED_VARIABLE = YES;
				MACOSX_DEPLOYMENT_TARGET = 10.11;
				MTL_ENABLE_DEBUG_INFO = YES;
				ONLY_ACTIVE_ARCH = YES;
				SDKROOT = macosx;
			};
			name = Debug;
		};
		82DE331E1FE18CEF00BAB97B /* Release */ = {
			isa = XCBuildConfiguration;
			buildSettings = {
				ALWAYS_SEARCH_USER_PATHS = NO;
				CLANG_CXX_LANGUAGE_STANDARD = "gnu++0x";
				CLANG_CXX_LIBRARY = "libc++";
				CLANG_ENABLE_MODULES = YES;
				CLANG_ENABLE_OBJC_ARC = YES;
				CLANG_WARN_BOOL_CONVERSION = YES;
				CLANG_WARN_CONSTANT_CONVERSION = YES;
				CLANG_WARN_DIRECT_OBJC_ISA_USAGE = YES_ERROR;
				CLANG_WARN_EMPTY_BODY = YES;
				CLANG_WARN_ENUM_CONVERSION = YES;
				CLANG_WARN_INT_CONVERSION = YES;
				CLANG_WARN_OBJC_ROOT_CLASS = YES_ERROR;
				CLANG_WARN_UNREACHABLE_CODE = YES;
				CLANG_WARN__DUPLICATE_METHOD_MATCH = YES;
				CODE_SIGN_IDENTITY = "-";
				COPY_PHASE_STRIP = NO;
				DEBUG_INFORMATION_FORMAT = "dwarf-with-dsym";
				ENABLE_NS_ASSERTIONS = NO;
				ENABLE_STRICT_OBJC_MSGSEND = YES;
				GCC_C_LANGUAGE_STANDARD = gnu99;
				GCC_NO_COMMON_BLOCKS = YES;
				GCC_WARN_64_TO_32_BIT_CONVERSION = YES;
				GCC_WARN_ABOUT_RETURN_TYPE = YES_ERROR;
				GCC_WARN_UNDECLARED_SELECTOR = YES;
				GCC_WARN_UNINITIALIZED_AUTOS = YES_AGGRESSIVE;
				GCC_WARN_UNUSED_FUNCTION = YES;
				GCC_WARN_UNUSED_VARIABLE = YES;
				MACOSX_DEPLOYMENT_TARGET = 10.11;
				MTL_ENABLE_DEBUG_INFO = NO;
				SDKROOT = macosx;
			};
			name = Release;
		};
		82DE33201FE18CEF00BAB97B /* Debug */ = {
			isa = XCBuildConfiguration;
			buildSettings = {
				PRODUCT_NAME = "$(TARGET_NAME)";
			};
			name = Debug;
		};
		82DE33211FE18CEF00BAB97B /* Release */ = {
			isa = XCBuildConfiguration;
			buildSettings = {
				PRODUCT_NAME = "$(TARGET_NAME)";
			};
			name = Release;
		};
		82DE332B1FE1915F00BAB97B /* Debug */ = {
			isa = XCBuildConfiguration;
			buildSettings = {
				PRODUCT_NAME = "$(TARGET_NAME)";
			};
			name = Debug;
		};
		82DE332C1FE1915F00BAB97B /* Release */ = {
			isa = XCBuildConfiguration;
			buildSettings = {
				PRODUCT_NAME = "$(TARGET_NAME)";
			};
			name = Release;
		};
		82FFCC241FE2CF730043C120 /* Debug */ = {
			isa = XCBuildConfiguration;
			buildSettings = {
				PRODUCT_NAME = "$(TARGET_NAME)";
			};
			name = Debug;
		};
		82FFCC251FE2CF730043C120 /* Release */ = {
			isa = XCBuildConfiguration;
			buildSettings = {
				PRODUCT_NAME = "$(TARGET_NAME)";
			};
			name = Release;
		};
/* End XCBuildConfiguration section */

/* Begin XCConfigurationList section */
		82DE33131FE18CEF00BAB97B /* Build configuration list for PBXProject "11-指针" */ = {
			isa = XCConfigurationList;
			buildConfigurations = (
				82DE331D1FE18CEF00BAB97B /* Debug */,
				82DE331E1FE18CEF00BAB97B /* Release */,
			);
			defaultConfigurationIsVisible = 0;
			defaultConfigurationName = Release;
		};
		82DE331F1FE18CEF00BAB97B /* Build configuration list for PBXNativeTarget "11-指针" */ = {
			isa = XCConfigurationList;
			buildConfigurations = (
				82DE33201FE18CEF00BAB97B /* Debug */,
				82DE33211FE18CEF00BAB97B /* Release */,
			);
			defaultConfigurationIsVisible = 0;
			defaultConfigurationName = Release;
		};
		82DE332A1FE1915F00BAB97B /* Build configuration list for PBXNativeTarget "01-指针的使用" */ = {
			isa = XCConfigurationList;
			buildConfigurations = (
				82DE332B1FE1915F00BAB97B /* Debug */,
				82DE332C1FE1915F00BAB97B /* Release */,
			);
			defaultConfigurationIsVisible = 0;
			defaultConfigurationName = Release;
		};
		82FFCC261FE2CF730043C120 /* Build configuration list for PBXNativeTarget "02-指针的应用" */ = {
			isa = XCConfigurationList;
			buildConfigurations = (
				82FFCC241FE2CF730043C120 /* Debug */,
				82FFCC251FE2CF730043C120 /* Release */,
			);
			defaultConfigurationIsVisible = 0;
		};
/* End XCConfigurationList section */
	};
	rootObject = 82DE33101FE18CEF00BAB97B /* Project object */;
}
