// !$*UTF8*$!
{
	archiveVersion = 1;
	classes = {
	};
	objectVersion = 46;
	objects = {

/* Begin PBXBuildFile section */
		8215B37C2016161C0050CF86 /* main.c in Sources */ = {isa = PBXBuildFile; fileRef = 8215B37B2016161C0050CF86 /* main.c */; };
		822F32402012285500589411 /* main.c in Sources */ = {isa = PBXBuildFile; fileRef = 822F323F2012285500589411 /* main.c */; };
		822F324B20148C3300589411 /* main.c in Sources */ = {isa = PBXBuildFile; fileRef = 822F324A20148C3300589411 /* main.c */; };
		822F32562014AEAD00589411 /* main.c in Sources */ = {isa = PBXBuildFile; fileRef = 822F32552014AEAD00589411 /* main.c */; };
		82C53981200FAB3C0000937B /* main.c in Sources */ = {isa = PBXBuildFile; fileRef = 82C53980200FAB3C0000937B /* main.c */; };
		82CC9066200E38CD00024427 /* main.c in Sources */ = {isa = PBXBuildFile; fileRef = 82CC9065200E38CD00024427 /* main.c */; };
		82CC9071200E5A3100024427 /* main.c in Sources */ = {isa = PBXBuildFile; fileRef = 82CC9070200E5A3100024427 /* main.c */; };
		82CC907C200E672300024427 /* main.c in Sources */ = {isa = PBXBuildFile; fileRef = 82CC907B200E672300024427 /* main.c */; };
		82E1A54F200BB65200972266 /* main.c in Sources */ = {isa = PBXBuildFile; fileRef = 82E1A54E200BB65200972266 /* main.c */; };
		82E1A55A200BBEE600972266 /* main.c in Sources */ = {isa = PBXBuildFile; fileRef = 82E1A559200BBEE600972266 /* main.c */; };
		82F5B1FA2009BC41007559ED /* main.c in Sources */ = {isa = PBXBuildFile; fileRef = 82F5B1F92009BC41007559ED /* main.c */; };
		82F5B2072009BC5A007559ED /* main.c in Sources */ = {isa = PBXBuildFile; fileRef = 82F5B2062009BC5A007559ED /* main.c */; };
/* End PBXBuildFile section */

/* Begin PBXCopyFilesBuildPhase section */
		8215B3772016161C0050CF86 /* CopyFiles */ = {
			isa = PBXCopyFilesBuildPhase;
			buildActionMask = 2147483647;
			dstPath = /usr/share/man/man1/;
			dstSubfolderSpec = 0;
			files = (
			);
			runOnlyForDeploymentPostprocessing = 1;
		};
		822F323B2012285500589411 /* CopyFiles */ = {
			isa = PBXCopyFilesBuildPhase;
			buildActionMask = 2147483647;
			dstPath = /usr/share/man/man1/;
			dstSubfolderSpec = 0;
			files = (
			);
			runOnlyForDeploymentPostprocessing = 1;
		};
		822F324620148C3300589411 /* CopyFiles */ = {
			isa = PBXCopyFilesBuildPhase;
			buildActionMask = 2147483647;
			dstPath = /usr/share/man/man1/;
			dstSubfolderSpec = 0;
			files = (
			);
			runOnlyForDeploymentPostprocessing = 1;
		};
		822F32512014AEAD00589411 /* CopyFiles */ = {
			isa = PBXCopyFilesBuildPhase;
			buildActionMask = 2147483647;
			dstPath = /usr/share/man/man1/;
			dstSubfolderSpec = 0;
			files = (
			);
			runOnlyForDeploymentPostprocessing = 1;
		};
		82C5397C200FAB3C0000937B /* CopyFiles */ = {
			isa = PBXCopyFilesBuildPhase;
			buildActionMask = 2147483647;
			dstPath = /usr/share/man/man1/;
			dstSubfolderSpec = 0;
			files = (
			);
			runOnlyForDeploymentPostprocessing = 1;
		};
		82CC9061200E38CD00024427 /* CopyFiles */ = {
			isa = PBXCopyFilesBuildPhase;
			buildActionMask = 2147483647;
			dstPath = /usr/share/man/man1/;
			dstSubfolderSpec = 0;
			files = (
			);
			runOnlyForDeploymentPostprocessing = 1;
		};
		82CC906C200E5A3100024427 /* CopyFiles */ = {
			isa = PBXCopyFilesBuildPhase;
			buildActionMask = 2147483647;
			dstPath = /usr/share/man/man1/;
			dstSubfolderSpec = 0;
			files = (
			);
			runOnlyForDeploymentPostprocessing = 1;
		};
		82CC9077200E672300024427 /* CopyFiles */ = {
			isa = PBXCopyFilesBuildPhase;
			buildActionMask = 2147483647;
			dstPath = /usr/share/man/man1/;
			dstSubfolderSpec = 0;
			files = (
			);
			runOnlyForDeploymentPostprocessing = 1;
		};
		82E1A54A200BB65200972266 /* CopyFiles */ = {
			isa = PBXCopyFilesBuildPhase;
			buildActionMask = 2147483647;
			dstPath = /usr/share/man/man1/;
			dstSubfolderSpec = 0;
			files = (
			);
			runOnlyForDeploymentPostprocessing = 1;
		};
		82E1A555200BBEE600972266 /* CopyFiles */ = {
			isa = PBXCopyFilesBuildPhase;
			buildActionMask = 2147483647;
			dstPath = /usr/share/man/man1/;
			dstSubfolderSpec = 0;
			files = (
			);
			runOnlyForDeploymentPostprocessing = 1;
		};
		82F5B1F42009BC41007559ED /* CopyFiles */ = {
			isa = PBXCopyFilesBuildPhase;
			buildActionMask = 2147483647;
			dstPath = /usr/share/man/man1/;
			dstSubfolderSpec = 0;
			files = (
			);
			runOnlyForDeploymentPostprocessing = 1;
		};
		82F5B2022009BC5A007559ED /* CopyFiles */ = {
			isa = PBXCopyFilesBuildPhase;
			buildActionMask = 2147483647;
			dstPath = /usr/share/man/man1/;
			dstSubfolderSpec = 0;
			files = (
			);
			runOnlyForDeploymentPostprocessing = 1;
		};
/* End PBXCopyFilesBuildPhase section */

/* Begin PBXFileReference section */
		8215B3792016161C0050CF86 /* 11-学生管理系统 */ = {isa = PBXFileReference; explicitFileType = "compiled.mach-o.executable"; includeInIndex = 0; path = "11-学生管理系统"; sourceTree = BUILT_PRODUCTS_DIR; };
		8215B37B2016161C0050CF86 /* main.c */ = {isa = PBXFileReference; lastKnownFileType = sourcecode.c.c; path = main.c; sourceTree = "<group>"; };
		822F323D2012285500589411 /* 08-结构体与函数 */ = {isa = PBXFileReference; explicitFileType = "compiled.mach-o.executable"; includeInIndex = 0; path = "08-结构体与函数"; sourceTree = BUILT_PRODUCTS_DIR; };
		822F323F2012285500589411 /* main.c */ = {isa = PBXFileReference; lastKnownFileType = sourcecode.c.c; path = main.c; sourceTree = "<group>"; };
		822F324820148C3300589411 /* 09-枚举的使用 */ = {isa = PBXFileReference; explicitFileType = "compiled.mach-o.executable"; includeInIndex = 0; path = "09-枚举的使用"; sourceTree = BUILT_PRODUCTS_DIR; };
		822F324A20148C3300589411 /* main.c */ = {isa = PBXFileReference; lastKnownFileType = sourcecode.c.c; path = main.c; sourceTree = "<group>"; };
		822F32532014AEAD00589411 /* typedef */ = {isa = PBXFileReference; explicitFileType = "compiled.mach-o.executable"; includeInIndex = 0; path = typedef; sourceTree = BUILT_PRODUCTS_DIR; };
		822F32552014AEAD00589411 /* main.c */ = {isa = PBXFileReference; lastKnownFileType = sourcecode.c.c; path = main.c; sourceTree = "<group>"; };
		82C5397E200FAB3C0000937B /* 07-结构体嵌套 */ = {isa = PBXFileReference; explicitFileType = "compiled.mach-o.executable"; includeInIndex = 0; path = "07-结构体嵌套"; sourceTree = BUILT_PRODUCTS_DIR; };
		82C53980200FAB3C0000937B /* main.c */ = {isa = PBXFileReference; lastKnownFileType = sourcecode.c.c; path = main.c; sourceTree = "<group>"; };
		82CC9063200E38CD00024427 /* 04-结构体的基本使用下 */ = {isa = PBXFileReference; explicitFileType = "compiled.mach-o.executable"; includeInIndex = 0; path = "04-结构体的基本使用下"; sourceTree = BUILT_PRODUCTS_DIR; };
		82CC9065200E38CD00024427 /* main.c */ = {isa = PBXFileReference; lastKnownFileType = sourcecode.c.c; path = main.c; sourceTree = "<group>"; };
		82CC906E200E5A3100024427 /* 05-结构体数组 */ = {isa = PBXFileReference; explicitFileType = "compiled.mach-o.executable"; includeInIndex = 0; path = "05-结构体数组"; sourceTree = BUILT_PRODUCTS_DIR; };
		82CC9070200E5A3100024427 /* main.c */ = {isa = PBXFileReference; lastKnownFileType = sourcecode.c.c; path = main.c; sourceTree = "<group>"; };
		82CC9079200E672300024427 /* 06-结构体指针 */ = {isa = PBXFileReference; explicitFileType = "compiled.mach-o.executable"; includeInIndex = 0; path = "06-结构体指针"; sourceTree = BUILT_PRODUCTS_DIR; };
		82CC907B200E672300024427 /* main.c */ = {isa = PBXFileReference; lastKnownFileType = sourcecode.c.c; path = main.c; sourceTree = "<group>"; };
		82E1A54C200BB65200972266 /* 02-指向函数的指针 */ = {isa = PBXFileReference; explicitFileType = "compiled.mach-o.executable"; includeInIndex = 0; path = "02-指向函数的指针"; sourceTree = BUILT_PRODUCTS_DIR; };
		82E1A54E200BB65200972266 /* main.c */ = {isa = PBXFileReference; lastKnownFileType = sourcecode.c.c; path = main.c; sourceTree = "<group>"; };
		82E1A557200BBEE600972266 /* 03-结构体的基本使用 */ = {isa = PBXFileReference; explicitFileType = "compiled.mach-o.executable"; includeInIndex = 0; path = "03-结构体的基本使用"; sourceTree = BUILT_PRODUCTS_DIR; };
		82E1A559200BBEE600972266 /* main.c */ = {isa = PBXFileReference; lastKnownFileType = sourcecode.c.c; path = main.c; sourceTree = "<group>"; };
		82F5B1F62009BC41007559ED /* 13-结构体和枚举 */ = {isa = PBXFileReference; explicitFileType = "compiled.mach-o.executable"; includeInIndex = 0; path = "13-结构体和枚举"; sourceTree = BUILT_PRODUCTS_DIR; };
		82F5B1F92009BC41007559ED /* main.c */ = {isa = PBXFileReference; lastKnownFileType = sourcecode.c.c; path = main.c; sourceTree = "<group>"; };
		82F5B2042009BC5A007559ED /* 01-指针与函数 */ = {isa = PBXFileReference; explicitFileType = "compiled.mach-o.executable"; includeInIndex = 0; path = "01-指针与函数"; sourceTree = BUILT_PRODUCTS_DIR; };
		82F5B2062009BC5A007559ED /* main.c */ = {isa = PBXFileReference; lastKnownFileType = sourcecode.c.c; path = main.c; sourceTree = "<group>"; };
/* End PBXFileReference section */

/* Begin PBXFrameworksBuildPhase section */
		8215B3762016161C0050CF86 /* Frameworks */ = {
			isa = PBXFrameworksBuildPhase;
			buildActionMask = 2147483647;
			files = (
			);
			runOnlyForDeploymentPostprocessing = 0;
		};
		822F323A2012285500589411 /* Frameworks */ = {
			isa = PBXFrameworksBuildPhase;
			buildActionMask = 2147483647;
			files = (
			);
			runOnlyForDeploymentPostprocessing = 0;
		};
		822F324520148C3300589411 /* Frameworks */ = {
			isa = PBXFrameworksBuildPhase;
			buildActionMask = 2147483647;
			files = (
			);
			runOnlyForDeploymentPostprocessing = 0;
		};
		822F32502014AEAD00589411 /* Frameworks */ = {
			isa = PBXFrameworksBuildPhase;
			buildActionMask = 2147483647;
			files = (
			);
			runOnlyForDeploymentPostprocessing = 0;
		};
		82C5397B200FAB3C0000937B /* Frameworks */ = {
			isa = PBXFrameworksBuildPhase;
			buildActionMask = 2147483647;
			files = (
			);
			runOnlyForDeploymentPostprocessing = 0;
		};
		82CC9060200E38CD00024427 /* Frameworks */ = {
			isa = PBXFrameworksBuildPhase;
			buildActionMask = 2147483647;
			files = (
			);
			runOnlyForDeploymentPostprocessing = 0;
		};
		82CC906B200E5A3100024427 /* Frameworks */ = {
			isa = PBXFrameworksBuildPhase;
			buildActionMask = 2147483647;
			files = (
			);
			runOnlyForDeploymentPostprocessing = 0;
		};
		82CC9076200E672300024427 /* Frameworks */ = {
			isa = PBXFrameworksBuildPhase;
			buildActionMask = 2147483647;
			files = (
			);
			runOnlyForDeploymentPostprocessing = 0;
		};
		82E1A549200BB65200972266 /* Frameworks */ = {
			isa = PBXFrameworksBuildPhase;
			buildActionMask = 2147483647;
			files = (
			);
			runOnlyForDeploymentPostprocessing = 0;
		};
		82E1A554200BBEE600972266 /* Frameworks */ = {
			isa = PBXFrameworksBuildPhase;
			buildActionMask = 2147483647;
			files = (
			);
			runOnlyForDeploymentPostprocessing = 0;
		};
		82F5B1F32009BC41007559ED /* Frameworks */ = {
			isa = PBXFrameworksBuildPhase;
			buildActionMask = 2147483647;
			files = (
			);
			runOnlyForDeploymentPostprocessing = 0;
		};
		82F5B2012009BC5A007559ED /* Frameworks */ = {
			isa = PBXFrameworksBuildPhase;
			buildActionMask = 2147483647;
			files = (
			);
			runOnlyForDeploymentPostprocessing = 0;
		};
/* End PBXFrameworksBuildPhase section */

/* Begin PBXGroup section */
		8215B37A2016161C0050CF86 /* 11-学生管理系统 */ = {
			isa = PBXGroup;
			children = (
				8215B37B2016161C0050CF86 /* main.c */,
			);
			path = "11-学生管理系统";
			sourceTree = "<group>";
		};
		822F323E2012285500589411 /* 08-结构体与函数 */ = {
			isa = PBXGroup;
			children = (
				822F323F2012285500589411 /* main.c */,
			);
			path = "08-结构体与函数";
			sourceTree = "<group>";
		};
		822F324920148C3300589411 /* 09-枚举的使用 */ = {
			isa = PBXGroup;
			children = (
				822F324A20148C3300589411 /* main.c */,
			);
			path = "09-枚举的使用";
			sourceTree = "<group>";
		};
		822F32542014AEAD00589411 /* 10-typedef */ = {
			isa = PBXGroup;
			children = (
				822F32552014AEAD00589411 /* main.c */,
			);
			name = "10-typedef";
			path = typedef;
			sourceTree = "<group>";
		};
		82C5397F200FAB3C0000937B /* 07-结构体嵌套 */ = {
			isa = PBXGroup;
			children = (
				82C53980200FAB3C0000937B /* main.c */,
			);
			path = "07-结构体嵌套";
			sourceTree = "<group>";
		};
		82CC9064200E38CD00024427 /* 04-结构体的基本使用下 */ = {
			isa = PBXGroup;
			children = (
				82CC9065200E38CD00024427 /* main.c */,
			);
			path = "04-结构体的基本使用下";
			sourceTree = "<group>";
		};
		82CC906F200E5A3100024427 /* 05-结构体数组 */ = {
			isa = PBXGroup;
			children = (
				82CC9070200E5A3100024427 /* main.c */,
			);
			path = "05-结构体数组";
			sourceTree = "<group>";
		};
		82CC907A200E672300024427 /* 06-结构体指针 */ = {
			isa = PBXGroup;
			children = (
				82CC907B200E672300024427 /* main.c */,
			);
			path = "06-结构体指针";
			sourceTree = "<group>";
		};
		82E1A54D200BB65200972266 /* 02-指向函数的指针 */ = {
			isa = PBXGroup;
			children = (
				82E1A54E200BB65200972266 /* main.c */,
			);
			path = "02-指向函数的指针";
			sourceTree = "<group>";
		};
		82E1A558200BBEE600972266 /* 03-结构体的基本使用 */ = {
			isa = PBXGroup;
			children = (
				82E1A559200BBEE600972266 /* main.c */,
			);
			path = "03-结构体的基本使用";
			sourceTree = "<group>";
		};
		82F5B1ED2009BC41007559ED = {
			isa = PBXGroup;
			children = (
				82F5B1F82009BC41007559ED /* 13-结构体和枚举 */,
				82F5B2052009BC5A007559ED /* 01-指针与函数 */,
				82E1A54D200BB65200972266 /* 02-指向函数的指针 */,
				82E1A558200BBEE600972266 /* 03-结构体的基本使用 */,
				82CC9064200E38CD00024427 /* 04-结构体的基本使用下 */,
				82CC906F200E5A3100024427 /* 05-结构体数组 */,
				82CC907A200E672300024427 /* 06-结构体指针 */,
				82C5397F200FAB3C0000937B /* 07-结构体嵌套 */,
				822F323E2012285500589411 /* 08-结构体与函数 */,
				822F324920148C3300589411 /* 09-枚举的使用 */,
				822F32542014AEAD00589411 /* 10-typedef */,
				8215B37A2016161C0050CF86 /* 11-学生管理系统 */,
				82F5B1F72009BC41007559ED /* Products */,
			);
			sourceTree = "<group>";
		};
		82F5B1F72009BC41007559ED /* Products */ = {
			isa = PBXGroup;
			children = (
				82F5B1F62009BC41007559ED /* 13-结构体和枚举 */,
				82F5B2042009BC5A007559ED /* 01-指针与函数 */,
				82E1A54C200BB65200972266 /* 02-指向函数的指针 */,
				82E1A557200BBEE600972266 /* 03-结构体的基本使用 */,
				82CC9063200E38CD00024427 /* 04-结构体的基本使用下 */,
				82CC906E200E5A3100024427 /* 05-结构体数组 */,
				82CC9079200E672300024427 /* 06-结构体指针 */,
				82C5397E200FAB3C0000937B /* 07-结构体嵌套 */,
				822F323D2012285500589411 /* 08-结构体与函数 */,
				822F324820148C3300589411 /* 09-枚举的使用 */,
				822F32532014AEAD00589411 /* typedef */,
				8215B3792016161C0050CF86 /* 11-学生管理系统 */,
			);
			name = Products;
			sourceTree = "<group>";
		};
		82F5B1F82009BC41007559ED /* 13-结构体和枚举 */ = {
			isa = PBXGroup;
			children = (
				82F5B1F92009BC41007559ED /* main.c */,
			);
			path = "13-结构体和枚举";
			sourceTree = "<group>";
		};
		82F5B2052009BC5A007559ED /* 01-指针与函数 */ = {
			isa = PBXGroup;
			children = (
				82F5B2062009BC5A007559ED /* main.c */,
			);
			path = "01-指针与函数";
			sourceTree = "<group>";
		};
/* End PBXGroup section */

/* Begin PBXNativeTarget section */
		8215B3782016161C0050CF86 /* 11-学生管理系统 */ = {
			isa = PBXNativeTarget;
			buildConfigurationList = 8215B37D2016161C0050CF86 /* Build configuration list for PBXNativeTarget "11-学生管理系统" */;
			buildPhases = (
				8215B3752016161C0050CF86 /* Sources */,
				8215B3762016161C0050CF86 /* Frameworks */,
				8215B3772016161C0050CF86 /* CopyFiles */,
			);
			buildRules = (
			);
			dependencies = (
			);
			name = "11-学生管理系统";
			productName = "11-学生管理系统";
			productReference = 8215B3792016161C0050CF86 /* 11-学生管理系统 */;
			productType = "com.apple.product-type.tool";
		};
		822F323C2012285500589411 /* 08-结构体与函数 */ = {
			isa = PBXNativeTarget;
			buildConfigurationList = 822F32432012285500589411 /* Build configuration list for PBXNativeTarget "08-结构体与函数" */;
			buildPhases = (
				822F32392012285500589411 /* Sources */,
				822F323A2012285500589411 /* Frameworks */,
				822F323B2012285500589411 /* CopyFiles */,
			);
			buildRules = (
			);
			dependencies = (
			);
			name = "08-结构体与函数";
			productName = "08-结构体与函数";
			productReference = 822F323D2012285500589411 /* 08-结构体与函数 */;
			productType = "com.apple.product-type.tool";
		};
		822F324720148C3300589411 /* 09-枚举的使用 */ = {
			isa = PBXNativeTarget;
			buildConfigurationList = 822F324E20148C3300589411 /* Build configuration list for PBXNativeTarget "09-枚举的使用" */;
			buildPhases = (
				822F324420148C3300589411 /* Sources */,
				822F324520148C3300589411 /* Frameworks */,
				822F324620148C3300589411 /* CopyFiles */,
			);
			buildRules = (
			);
			dependencies = (
			);
			name = "09-枚举的使用";
			productName = "09-枚举的使用";
			productReference = 822F324820148C3300589411 /* 09-枚举的使用 */;
			productType = "com.apple.product-type.tool";
		};
		822F32522014AEAD00589411 /* typedef */ = {
			isa = PBXNativeTarget;
			buildConfigurationList = 822F32592014AEAD00589411 /* Build configuration list for PBXNativeTarget "typedef" */;
			buildPhases = (
				822F324F2014AEAD00589411 /* Sources */,
				822F32502014AEAD00589411 /* Frameworks */,
				822F32512014AEAD00589411 /* CopyFiles */,
			);
			buildRules = (
			);
			dependencies = (
			);
			name = typedef;
			productName = typedef;
			productReference = 822F32532014AEAD00589411 /* typedef */;
			productType = "com.apple.product-type.tool";
		};
		82C5397D200FAB3C0000937B /* 07-结构体嵌套 */ = {
			isa = PBXNativeTarget;
			buildConfigurationList = 82C53984200FAB3C0000937B /* Build configuration list for PBXNativeTarget "07-结构体嵌套" */;
			buildPhases = (
				82C5397A200FAB3C0000937B /* Sources */,
				82C5397B200FAB3C0000937B /* Frameworks */,
				82C5397C200FAB3C0000937B /* CopyFiles */,
			);
			buildRules = (
			);
			dependencies = (
			);
			name = "07-结构体嵌套";
			productName = "07-结构体嵌套";
			productReference = 82C5397E200FAB3C0000937B /* 07-结构体嵌套 */;
			productType = "com.apple.product-type.tool";
		};
		82CC9062200E38CD00024427 /* 04-结构体的基本使用下 */ = {
			isa = PBXNativeTarget;
			buildConfigurationList = 82CC9069200E38CD00024427 /* Build configuration list for PBXNativeTarget "04-结构体的基本使用下" */;
			buildPhases = (
				82CC905F200E38CD00024427 /* Sources */,
				82CC9060200E38CD00024427 /* Frameworks */,
				82CC9061200E38CD00024427 /* CopyFiles */,
			);
			buildRules = (
			);
			dependencies = (
			);
			name = "04-结构体的基本使用下";
			productName = "04-结构体的基本使用下";
			productReference = 82CC9063200E38CD00024427 /* 04-结构体的基本使用下 */;
			productType = "com.apple.product-type.tool";
		};
		82CC906D200E5A3100024427 /* 05-结构体数组 */ = {
			isa = PBXNativeTarget;
			buildConfigurationList = 82CC9072200E5A3100024427 /* Build configuration list for PBXNativeTarget "05-结构体数组" */;
			buildPhases = (
				82CC906A200E5A3100024427 /* Sources */,
				82CC906B200E5A3100024427 /* Frameworks */,
				82CC906C200E5A3100024427 /* CopyFiles */,
			);
			buildRules = (
			);
			dependencies = (
			);
			name = "05-结构体数组";
			productName = "05-结构体数组";
			productReference = 82CC906E200E5A3100024427 /* 05-结构体数组 */;
			productType = "com.apple.product-type.tool";
		};
		82CC9078200E672300024427 /* 06-结构体指针 */ = {
			isa = PBXNativeTarget;
			buildConfigurationList = 82CC907F200E672300024427 /* Build configuration list for PBXNativeTarget "06-结构体指针" */;
			buildPhases = (
				82CC9075200E672300024427 /* Sources */,
				82CC9076200E672300024427 /* Frameworks */,
				82CC9077200E672300024427 /* CopyFiles */,
			);
			buildRules = (
			);
			dependencies = (
			);
			name = "06-结构体指针";
			productName = "06-结构体指针";
			productReference = 82CC9079200E672300024427 /* 06-结构体指针 */;
			productType = "com.apple.product-type.tool";
		};
		82E1A54B200BB65200972266 /* 02-指向函数的指针 */ = {
			isa = PBXNativeTarget;
			buildConfigurationList = 82E1A552200BB65200972266 /* Build configuration list for PBXNativeTarget "02-指向函数的指针" */;
			buildPhases = (
				82E1A548200BB65200972266 /* Sources */,
				82E1A549200BB65200972266 /* Frameworks */,
				82E1A54A200BB65200972266 /* CopyFiles */,
			);
			buildRules = (
			);
			dependencies = (
			);
			name = "02-指向函数的指针";
			productName = "02-指向函数的指针";
			productReference = 82E1A54C200BB65200972266 /* 02-指向函数的指针 */;
			productType = "com.apple.product-type.tool";
		};
		82E1A556200BBEE600972266 /* 03-结构体的基本使用 */ = {
			isa = PBXNativeTarget;
			buildConfigurationList = 82E1A55D200BBEE600972266 /* Build configuration list for PBXNativeTarget "03-结构体的基本使用" */;
			buildPhases = (
				82E1A553200BBEE600972266 /* Sources */,
				82E1A554200BBEE600972266 /* Frameworks */,
				82E1A555200BBEE600972266 /* CopyFiles */,
			);
			buildRules = (
			);
			dependencies = (
			);
			name = "03-结构体的基本使用";
			productName = "03-结构体的基本使用";
			productReference = 82E1A557200BBEE600972266 /* 03-结构体的基本使用 */;
			productType = "com.apple.product-type.tool";
		};
		82F5B1F52009BC41007559ED /* 13-结构体和枚举 */ = {
			isa = PBXNativeTarget;
			buildConfigurationList = 82F5B1FD2009BC41007559ED /* Build configuration list for PBXNativeTarget "13-结构体和枚举" */;
			buildPhases = (
				82F5B1F22009BC41007559ED /* Sources */,
				82F5B1F32009BC41007559ED /* Frameworks */,
				82F5B1F42009BC41007559ED /* CopyFiles */,
			);
			buildRules = (
			);
			dependencies = (
			);
			name = "13-结构体和枚举";
			productName = "13-结构体和枚举";
			productReference = 82F5B1F62009BC41007559ED /* 13-结构体和枚举 */;
			productType = "com.apple.product-type.tool";
		};
		82F5B2032009BC5A007559ED /* 01-指针与函数 */ = {
			isa = PBXNativeTarget;
			buildConfigurationList = 82F5B2082009BC5A007559ED /* Build configuration list for PBXNativeTarget "01-指针与函数" */;
			buildPhases = (
				82F5B2002009BC5A007559ED /* Sources */,
				82F5B2012009BC5A007559ED /* Frameworks */,
				82F5B2022009BC5A007559ED /* CopyFiles */,
			);
			buildRules = (
			);
			dependencies = (
			);
			name = "01-指针与函数";
			productName = "01-指针与函数";
			productReference = 82F5B2042009BC5A007559ED /* 01-指针与函数 */;
			productType = "com.apple.product-type.tool";
		};
/* End PBXNativeTarget section */

/* Begin PBXProject section */
		82F5B1EE2009BC41007559ED /* Project object */ = {
			isa = PBXProject;
			attributes = {
				LastUpgradeCheck = 0720;
				ORGANIZATIONNAME = cody;
				TargetAttributes = {
					8215B3782016161C0050CF86 = {
						CreatedOnToolsVersion = 7.2.1;
					};
					822F323C2012285500589411 = {
						CreatedOnToolsVersion = 7.2.1;
					};
					822F324720148C3300589411 = {
						CreatedOnToolsVersion = 7.2.1;
					};
					822F32522014AEAD00589411 = {
						CreatedOnToolsVersion = 7.2.1;
					};
					82C5397D200FAB3C0000937B = {
						CreatedOnToolsVersion = 7.2.1;
					};
					82CC9062200E38CD00024427 = {
						CreatedOnToolsVersion = 7.2.1;
					};
					82CC906D200E5A3100024427 = {
						CreatedOnToolsVersion = 7.2.1;
					};
					82CC9078200E672300024427 = {
						CreatedOnToolsVersion = 7.2.1;
					};
					82E1A54B200BB65200972266 = {
						CreatedOnToolsVersion = 7.2.1;
					};
					82E1A556200BBEE600972266 = {
						CreatedOnToolsVersion = 7.2.1;
					};
					82F5B1F52009BC41007559ED = {
						CreatedOnToolsVersion = 7.2.1;
					};
					82F5B2032009BC5A007559ED = {
						CreatedOnToolsVersion = 7.2.1;
					};
				};
			};
			buildConfigurationList = 82F5B1F12009BC41007559ED /* Build configuration list for PBXProject "13-结构体和枚举" */;
			compatibilityVersion = "Xcode 3.2";
			developmentRegion = English;
			hasScannedForEncodings = 0;
			knownRegions = (
				en,
			);
			mainGroup = 82F5B1ED2009BC41007559ED;
			productRefGroup = 82F5B1F72009BC41007559ED /* Products */;
			projectDirPath = "";
			projectRoot = "";
			targets = (
				82F5B1F52009BC41007559ED /* 13-结构体和枚举 */,
				82F5B2032009BC5A007559ED /* 01-指针与函数 */,
				82E1A54B200BB65200972266 /* 02-指向函数的指针 */,
				82E1A556200BBEE600972266 /* 03-结构体的基本使用 */,
				82CC9062200E38CD00024427 /* 04-结构体的基本使用下 */,
				82CC906D200E5A3100024427 /* 05-结构体数组 */,
				82CC9078200E672300024427 /* 06-结构体指针 */,
				82C5397D200FAB3C0000937B /* 07-结构体嵌套 */,
				822F323C2012285500589411 /* 08-结构体与函数 */,
				822F324720148C3300589411 /* 09-枚举的使用 */,
				822F32522014AEAD00589411 /* typedef */,
				8215B3782016161C0050CF86 /* 11-学生管理系统 */,
			);
		};
/* End PBXProject section */

/* Begin PBXSourcesBuildPhase section */
		8215B3752016161C0050CF86 /* Sources */ = {
			isa = PBXSourcesBuildPhase;
			buildActionMask = 2147483647;
			files = (
				8215B37C2016161C0050CF86 /* main.c in Sources */,
			);
			runOnlyForDeploymentPostprocessing = 0;
		};
		822F32392012285500589411 /* Sources */ = {
			isa = PBXSourcesBuildPhase;
			buildActionMask = 2147483647;
			files = (
				822F32402012285500589411 /* main.c in Sources */,
			);
			runOnlyForDeploymentPostprocessing = 0;
		};
		822F324420148C3300589411 /* Sources */ = {
			isa = PBXSourcesBuildPhase;
			buildActionMask = 2147483647;
			files = (
				822F324B20148C3300589411 /* main.c in Sources */,
			);
			runOnlyForDeploymentPostprocessing = 0;
		};
		822F324F2014AEAD00589411 /* Sources */ = {
			isa = PBXSourcesBuildPhase;
			buildActionMask = 2147483647;
			files = (
				822F32562014AEAD00589411 /* main.c in Sources */,
			);
			runOnlyForDeploymentPostprocessing = 0;
		};
		82C5397A200FAB3C0000937B /* Sources */ = {
			isa = PBXSourcesBuildPhase;
			buildActionMask = 2147483647;
			files = (
				82C53981200FAB3C0000937B /* main.c in Sources */,
			);
			runOnlyForDeploymentPostprocessing = 0;
		};
		82CC905F200E38CD00024427 /* Sources */ = {
			isa = PBXSourcesBuildPhase;
			buildActionMask = 2147483647;
			files = (
				82CC9066200E38CD00024427 /* main.c in Sources */,
			);
			runOnlyForDeploymentPostprocessing = 0;
		};
		82CC906A200E5A3100024427 /* Sources */ = {
			isa = PBXSourcesBuildPhase;
			buildActionMask = 2147483647;
			files = (
				82CC9071200E5A3100024427 /* main.c in Sources */,
			);
			runOnlyForDeploymentPostprocessing = 0;
		};
		82CC9075200E672300024427 /* Sources */ = {
			isa = PBXSourcesBuildPhase;
			buildActionMask = 2147483647;
			files = (
				82CC907C200E672300024427 /* main.c in Sources */,
			);
			runOnlyForDeploymentPostprocessing = 0;
		};
		82E1A548200BB65200972266 /* Sources */ = {
			isa = PBXSourcesBuildPhase;
			buildActionMask = 2147483647;
			files = (
				82E1A54F200BB65200972266 /* main.c in Sources */,
			);
			runOnlyForDeploymentPostprocessing = 0;
		};
		82E1A553200BBEE600972266 /* Sources */ = {
			isa = PBXSourcesBuildPhase;
			buildActionMask = 2147483647;
			files = (
				82E1A55A200BBEE600972266 /* main.c in Sources */,
			);
			runOnlyForDeploymentPostprocessing = 0;
		};
		82F5B1F22009BC41007559ED /* Sources */ = {
			isa = PBXSourcesBuildPhase;
			buildActionMask = 2147483647;
			files = (
				82F5B1FA2009BC41007559ED /* main.c in Sources */,
			);
			runOnlyForDeploymentPostprocessing = 0;
		};
		82F5B2002009BC5A007559ED /* Sources */ = {
			isa = PBXSourcesBuildPhase;
			buildActionMask = 2147483647;
			files = (
				82F5B2072009BC5A007559ED /* main.c in Sources */,
			);
			runOnlyForDeploymentPostprocessing = 0;
		};
/* End PBXSourcesBuildPhase section */

/* Begin XCBuildConfiguration section */
		8215B37E2016161C0050CF86 /* Debug */ = {
			isa = XCBuildConfiguration;
			buildSettings = {
				PRODUCT_NAME = "$(TARGET_NAME)";
			};
			name = Debug;
		};
		8215B37F2016161C0050CF86 /* Release */ = {
			isa = XCBuildConfiguration;
			buildSettings = {
				PRODUCT_NAME = "$(TARGET_NAME)";
			};
			name = Release;
		};
		822F32412012285500589411 /* Debug */ = {
			isa = XCBuildConfiguration;
			buildSettings = {
				PRODUCT_NAME = "$(TARGET_NAME)";
			};
			name = Debug;
		};
		822F32422012285500589411 /* Release */ = {
			isa = XCBuildConfiguration;
			buildSettings = {
				PRODUCT_NAME = "$(TARGET_NAME)";
			};
			name = Release;
		};
		822F324C20148C3300589411 /* Debug */ = {
			isa = XCBuildConfiguration;
			buildSettings = {
				PRODUCT_NAME = "$(TARGET_NAME)";
			};
			name = Debug;
		};
		822F324D20148C3300589411 /* Release */ = {
			isa = XCBuildConfiguration;
			buildSettings = {
				PRODUCT_NAME = "$(TARGET_NAME)";
			};
			name = Release;
		};
		822F32572014AEAD00589411 /* Debug */ = {
			isa = XCBuildConfiguration;
			buildSettings = {
				PRODUCT_NAME = "$(TARGET_NAME)";
			};
			name = Debug;
		};
		822F32582014AEAD00589411 /* Release */ = {
			isa = XCBuildConfiguration;
			buildSettings = {
				PRODUCT_NAME = "$(TARGET_NAME)";
			};
			name = Release;
		};
		82C53982200FAB3C0000937B /* Debug */ = {
			isa = XCBuildConfiguration;
			buildSettings = {
				PRODUCT_NAME = "$(TARGET_NAME)";
			};
			name = Debug;
		};
		82C53983200FAB3C0000937B /* Release */ = {
			isa = XCBuildConfiguration;
			buildSettings = {
				PRODUCT_NAME = "$(TARGET_NAME)";
			};
			name = Release;
		};
		82CC9067200E38CD00024427 /* Debug */ = {
			isa = XCBuildConfiguration;
			buildSettings = {
				PRODUCT_NAME = "$(TARGET_NAME)";
			};
			name = Debug;
		};
		82CC9068200E38CD00024427 /* Release */ = {
			isa = XCBuildConfiguration;
			buildSettings = {
				PRODUCT_NAME = "$(TARGET_NAME)";
			};
			name = Release;
		};
		82CC9073200E5A3100024427 /* Debug */ = {
			isa = XCBuildConfiguration;
			buildSettings = {
				PRODUCT_NAME = "$(TARGET_NAME)";
			};
			name = Debug;
		};
		82CC9074200E5A3100024427 /* Release */ = {
			isa = XCBuildConfiguration;
			buildSettings = {
				PRODUCT_NAME = "$(TARGET_NAME)";
			};
			name = Release;
		};
		82CC907D200E672300024427 /* Debug */ = {
			isa = XCBuildConfiguration;
			buildSettings = {
				PRODUCT_NAME = "$(TARGET_NAME)";
			};
			name = Debug;
		};
		82CC907E200E672300024427 /* Release */ = {
			isa = XCBuildConfiguration;
			buildSettings = {
				PRODUCT_NAME = "$(TARGET_NAME)";
			};
			name = Release;
		};
		82E1A550200BB65200972266 /* Debug */ = {
			isa = XCBuildConfiguration;
			buildSettings = {
				PRODUCT_NAME = "$(TARGET_NAME)";
			};
			name = Debug;
		};
		82E1A551200BB65200972266 /* Release */ = {
			isa = XCBuildConfiguration;
			buildSettings = {
				PRODUCT_NAME = "$(TARGET_NAME)";
			};
			name = Release;
		};
		82E1A55B200BBEE600972266 /* Debug */ = {
			isa = XCBuildConfiguration;
			buildSettings = {
				PRODUCT_NAME = "$(TARGET_NAME)";
			};
			name = Debug;
		};
		82E1A55C200BBEE600972266 /* Release */ = {
			isa = XCBuildConfiguration;
			buildSettings = {
				PRODUCT_NAME = "$(TARGET_NAME)";
			};
			name = Release;
		};
		82F5B1FB2009BC41007559ED /* Debug */ = {
			isa = XCBuildConfiguration;
			buildSettings = {
				ALWAYS_SEARCH_USER_PATHS = NO;
				CLANG_CXX_LANGUAGE_STANDARD = "gnu++0x";
				CLANG_CXX_LIBRARY = "libc++";
				CLANG_ENABLE_MODULES = YES;
				CLANG_ENABLE_OBJC_ARC = YES;
				CLANG_WARN_BOOL_CONVERSION = YES;
				CLANG_WARN_CONSTANT_CONVERSION = YES;
				CLANG_WARN_DIRECT_OBJC_ISA_USAGE = YES_ERROR;
				CLANG_WARN_EMPTY_BODY = YES;
				CLANG_WARN_ENUM_CONVERSION = YES;
				CLANG_WARN_INT_CONVERSION = YES;
				CLANG_WARN_OBJC_ROOT_CLASS = YES_ERROR;
				CLANG_WARN_UNREACHABLE_CODE = YES;
				CLANG_WARN__DUPLICATE_METHOD_MATCH = YES;
				CODE_SIGN_IDENTITY = "-";
				COPY_PHASE_STRIP = NO;
				DEBUG_INFORMATION_FORMAT = dwarf;
				ENABLE_STRICT_OBJC_MSGSEND = YES;
				ENABLE_TESTABILITY = YES;
				GCC_C_LANGUAGE_STANDARD = gnu99;
				GCC_DYNAMIC_NO_PIC = NO;
				GCC_NO_COMMON_BLOCKS = YES;
				GCC_OPTIMIZATION_LEVEL = 0;
				GCC_PREPROCESSOR_DEFINITIONS = (
					"DEBUG=1",
					"$(inherited)",
				);
				GCC_WARN_64_TO_32_BIT_CONVERSION = YES;
				GCC_WARN_ABOUT_RETURN_TYPE = YES_ERROR;
				GCC_WARN_UNDECLARED_SELECTOR = YES;
				GCC_WARN_UNINITIALIZED_AUTOS = YES_AGGRESSIVE;
				GCC_WARN_UNUSED_FUNCTION = YES;
				GCC_WARN_UNUSED_VARIABLE = YES;
				MACOSX_DEPLOYMENT_TARGET = 10.11;
				MTL_ENABLE_DEBUG_INFO = YES;
				ONLY_ACTIVE_ARCH = YES;
				SDKROOT = macosx;
			};
			name = Debug;
		};
		82F5B1FC2009BC41007559ED /* Release */ = {
			isa = XCBuildConfiguration;
			buildSettings = {
				ALWAYS_SEARCH_USER_PATHS = NO;
				CLANG_CXX_LANGUAGE_STANDARD = "gnu++0x";
				CLANG_CXX_LIBRARY = "libc++";
				CLANG_ENABLE_MODULES = YES;
				CLANG_ENABLE_OBJC_ARC = YES;
				CLANG_WARN_BOOL_CONVERSION = YES;
				CLANG_WARN_CONSTANT_CONVERSION = YES;
				CLANG_WARN_DIRECT_OBJC_ISA_USAGE = YES_ERROR;
				CLANG_WARN_EMPTY_BODY = YES;
				CLANG_WARN_ENUM_CONVERSION = YES;
				CLANG_WARN_INT_CONVERSION = YES;
				CLANG_WARN_OBJC_ROOT_CLASS = YES_ERROR;
				CLANG_WARN_UNREACHABLE_CODE = YES;
				CLANG_WARN__DUPLICATE_METHOD_MATCH = YES;
				CODE_SIGN_IDENTITY = "-";
				COPY_PHASE_STRIP = NO;
				DEBUG_INFORMATION_FORMAT = "dwarf-with-dsym";
				ENABLE_NS_ASSERTIONS = NO;
				ENABLE_STRICT_OBJC_MSGSEND = YES;
				GCC_C_LANGUAGE_STANDARD = gnu99;
				GCC_NO_COMMON_BLOCKS = YES;
				GCC_WARN_64_TO_32_BIT_CONVERSION = YES;
				GCC_WARN_ABOUT_RETURN_TYPE = YES_ERROR;
				GCC_WARN_UNDECLARED_SELECTOR = YES;
				GCC_WARN_UNINITIALIZED_AUTOS = YES_AGGRESSIVE;
				GCC_WARN_UNUSED_FUNCTION = YES;
				GCC_WARN_UNUSED_VARIABLE = YES;
				MACOSX_DEPLOYMENT_TARGET = 10.11;
				MTL_ENABLE_DEBUG_INFO = NO;
				SDKROOT = macosx;
			};
			name = Release;
		};
		82F5B1FE2009BC41007559ED /* Debug */ = {
			isa = XCBuildConfiguration;
			buildSettings = {
				PRODUCT_NAME = "$(TARGET_NAME)";
			};
			name = Debug;
		};
		82F5B1FF2009BC41007559ED /* Release */ = {
			isa = XCBuildConfiguration;
			buildSettings = {
				PRODUCT_NAME = "$(TARGET_NAME)";
			};
			name = Release;
		};
		82F5B2092009BC5A007559ED /* Debug */ = {
			isa = XCBuildConfiguration;
			buildSettings = {
				PRODUCT_NAME = "$(TARGET_NAME)";
			};
			name = Debug;
		};
		82F5B20A2009BC5A007559ED /* Release */ = {
			isa = XCBuildConfiguration;
			buildSettings = {
				PRODUCT_NAME = "$(TARGET_NAME)";
			};
			name = Release;
		};
/* End XCBuildConfiguration section */

/* Begin XCConfigurationList section */
		8215B37D2016161C0050CF86 /* Build configuration list for PBXNativeTarget "11-学生管理系统" */ = {
			isa = XCConfigurationList;
			buildConfigurations = (
				8215B37E2016161C0050CF86 /* Debug */,
				8215B37F2016161C0050CF86 /* Release */,
			);
			defaultConfigurationIsVisible = 0;
		};
		822F32432012285500589411 /* Build configuration list for PBXNativeTarget "08-结构体与函数" */ = {
			isa = XCConfigurationList;
			buildConfigurations = (
				822F32412012285500589411 /* Debug */,
				822F32422012285500589411 /* Release */,
			);
			defaultConfigurationIsVisible = 0;
			defaultConfigurationName = Release;
		};
		822F324E20148C3300589411 /* Build configuration list for PBXNativeTarget "09-枚举的使用" */ = {
			isa = XCConfigurationList;
			buildConfigurations = (
				822F324C20148C3300589411 /* Debug */,
				822F324D20148C3300589411 /* Release */,
			);
			defaultConfigurationIsVisible = 0;
			defaultConfigurationName = Release;
		};
		822F32592014AEAD00589411 /* Build configuration list for PBXNativeTarget "typedef" */ = {
			isa = XCConfigurationList;
			buildConfigurations = (
				822F32572014AEAD00589411 /* Debug */,
				822F32582014AEAD00589411 /* Release */,
			);
			defaultConfigurationIsVisible = 0;
			defaultConfigurationName = Release;
		};
		82C53984200FAB3C0000937B /* Build configuration list for PBXNativeTarget "07-结构体嵌套" */ = {
			isa = XCConfigurationList;
			buildConfigurations = (
				82C53982200FAB3C0000937B /* Debug */,
				82C53983200FAB3C0000937B /* Release */,
			);
			defaultConfigurationIsVisible = 0;
			defaultConfigurationName = Release;
		};
		82CC9069200E38CD00024427 /* Build configuration list for PBXNativeTarget "04-结构体的基本使用下" */ = {
			isa = XCConfigurationList;
			buildConfigurations = (
				82CC9067200E38CD00024427 /* Debug */,
				82CC9068200E38CD00024427 /* Release */,
			);
			defaultConfigurationIsVisible = 0;
			defaultConfigurationName = Release;
		};
		82CC9072200E5A3100024427 /* Build configuration list for PBXNativeTarget "05-结构体数组" */ = {
			isa = XCConfigurationList;
			buildConfigurations = (
				82CC9073200E5A3100024427 /* Debug */,
				82CC9074200E5A3100024427 /* Release */,
			);
			defaultConfigurationIsVisible = 0;
			defaultConfigurationName = Release;
		};
		82CC907F200E672300024427 /* Build configuration list for PBXNativeTarget "06-结构体指针" */ = {
			isa = XCConfigurationList;
			buildConfigurations = (
				82CC907D200E672300024427 /* Debug */,
				82CC907E200E672300024427 /* Release */,
			);
			defaultConfigurationIsVisible = 0;
			defaultConfigurationName = Release;
		};
		82E1A552200BB65200972266 /* Build configuration list for PBXNativeTarget "02-指向函数的指针" */ = {
			isa = XCConfigurationList;
			buildConfigurations = (
				82E1A550200BB65200972266 /* Debug */,
				82E1A551200BB65200972266 /* Release */,
			);
			defaultConfigurationIsVisible = 0;
			defaultConfigurationName = Release;
		};
		82E1A55D200BBEE600972266 /* Build configuration list for PBXNativeTarget "03-结构体的基本使用" */ = {
			isa = XCConfigurationList;
			buildConfigurations = (
				82E1A55B200BBEE600972266 /* Debug */,
				82E1A55C200BBEE600972266 /* Release */,
			);
			defaultConfigurationIsVisible = 0;
			defaultConfigurationName = Release;
		};
		82F5B1F12009BC41007559ED /* Build configuration list for PBXProject "13-结构体和枚举" */ = {
			isa = XCConfigurationList;
			buildConfigurations = (
				82F5B1FB2009BC41007559ED /* Debug */,
				82F5B1FC2009BC41007559ED /* Release */,
			);
			defaultConfigurationIsVisible = 0;
			defaultConfigurationName = Release;
		};
		82F5B1FD2009BC41007559ED /* Build configuration list for PBXNativeTarget "13-结构体和枚举" */ = {
			isa = XCConfigurationList;
			buildConfigurations = (
				82F5B1FE2009BC41007559ED /* Debug */,
				82F5B1FF2009BC41007559ED /* Release */,
			);
			defaultConfigurationIsVisible = 0;
			defaultConfigurationName = Release;
		};
		82F5B2082009BC5A007559ED /* Build configuration list for PBXNativeTarget "01-指针与函数" */ = {
			isa = XCConfigurationList;
			buildConfigurations = (
				82F5B2092009BC5A007559ED /* Debug */,
				82F5B20A2009BC5A007559ED /* Release */,
			);
			defaultConfigurationIsVisible = 0;
			defaultConfigurationName = Release;
		};
/* End XCConfigurationList section */
	};
	rootObject = 82F5B1EE2009BC41007559ED /* Project object */;
}
